// !$*UTF8*$!
{
	archiveVersion = 1;
	classes = {
	};
	objectVersion = 51;
	objects = {

/* Begin PBXBuildFile section */
		327629C924A4BDFA001A0CFF /* AppDelegate.swift in Sources */ = {isa = PBXBuildFile; fileRef = 327629C824A4BDFA001A0CFF /* AppDelegate.swift */; };
		327629CB24A4BDFA001A0CFF /* SceneDelegate.swift in Sources */ = {isa = PBXBuildFile; fileRef = 327629CA24A4BDFA001A0CFF /* SceneDelegate.swift */; };
		327629D224A4BDFB001A0CFF /* Assets.xcassets in Resources */ = {isa = PBXBuildFile; fileRef = 327629D124A4BDFB001A0CFF /* Assets.xcassets */; };
		327629D524A4BDFB001A0CFF /* LaunchScreen.storyboard in Resources */ = {isa = PBXBuildFile; fileRef = 327629D324A4BDFB001A0CFF /* LaunchScreen.storyboard */; };
		327629DD24A4C9B8001A0CFF /* AlertViewController.swift in Sources */ = {isa = PBXBuildFile; fileRef = 327629DC24A4C9B8001A0CFF /* AlertViewController.swift */; };
		3289233224A4D1B80050BD8A /* AlertView.swift in Sources */ = {isa = PBXBuildFile; fileRef = 3289233124A4D1B80050BD8A /* AlertView.swift */; };
		7FA6568827293647CE096569 /* Pods_Alerts.framework in Frameworks */ = {isa = PBXBuildFile; fileRef = 0243217FCEA8E4AB9AB0317B /* Pods_Alerts.framework */; };
/* End PBXBuildFile section */

/* Begin PBXFileReference section */
		0243217FCEA8E4AB9AB0317B /* Pods_Alerts.framework */ = {isa = PBXFileReference; explicitFileType = wrapper.framework; includeInIndex = 0; path = Pods_Alerts.framework; sourceTree = BUILT_PRODUCTS_DIR; };
		327629C524A4BDFA001A0CFF /* Alerts.app */ = {isa = PBXFileReference; explicitFileType = wrapper.application; includeInIndex = 0; path = Alerts.app; sourceTree = BUILT_PRODUCTS_DIR; };
		327629C824A4BDFA001A0CFF /* AppDelegate.swift */ = {isa = PBXFileReference; lastKnownFileType = sourcecode.swift; path = AppDelegate.swift; sourceTree = "<group>"; };
		327629CA24A4BDFA001A0CFF /* SceneDelegate.swift */ = {isa = PBXFileReference; lastKnownFileType = sourcecode.swift; path = SceneDelegate.swift; sourceTree = "<group>"; };
		327629D124A4BDFB001A0CFF /* Assets.xcassets */ = {isa = PBXFileReference; lastKnownFileType = folder.assetcatalog; path = Assets.xcassets; sourceTree = "<group>"; };
		327629D424A4BDFB001A0CFF /* Base */ = {isa = PBXFileReference; lastKnownFileType = file.storyboard; name = Base; path = Base.lproj/LaunchScreen.storyboard; sourceTree = "<group>"; };
		327629D624A4BDFB001A0CFF /* Info.plist */ = {isa = PBXFileReference; lastKnownFileType = text.plist.xml; path = Info.plist; sourceTree = "<group>"; };
		327629DC24A4C9B8001A0CFF /* AlertViewController.swift */ = {isa = PBXFileReference; lastKnownFileType = sourcecode.swift; path = AlertViewController.swift; sourceTree = "<group>"; };
		3289233124A4D1B80050BD8A /* AlertView.swift */ = {isa = PBXFileReference; lastKnownFileType = sourcecode.swift; path = AlertView.swift; sourceTree = "<group>"; };
		9FAB0606BCDD3BB99443D572 /* Pods-Alerts.debug.xcconfig */ = {isa = PBXFileReference; includeInIndex = 1; lastKnownFileType = text.xcconfig; name = "Pods-Alerts.debug.xcconfig"; path = "Target Support Files/Pods-Alerts/Pods-Alerts.debug.xcconfig"; sourceTree = "<group>"; };
		FDEDBA705919F15A23611412 /* Pods-Alerts.release.xcconfig */ = {isa = PBXFileReference; includeInIndex = 1; lastKnownFileType = text.xcconfig; name = "Pods-Alerts.release.xcconfig"; path = "Target Support Files/Pods-Alerts/Pods-Alerts.release.xcconfig"; sourceTree = "<group>"; };
/* End PBXFileReference section */

/* Begin PBXFrameworksBuildPhase section */
		327629C224A4BDFA001A0CFF /* Frameworks */ = {
			isa = PBXFrameworksBuildPhase;
			buildActionMask = 2147483647;
			files = (
				7FA6568827293647CE096569 /* Pods_Alerts.framework in Frameworks */,
			);
			runOnlyForDeploymentPostprocessing = 0;
		};
/* End PBXFrameworksBuildPhase section */

/* Begin PBXGroup section */
		327629BC24A4BDFA001A0CFF = {
			isa = PBXGroup;
			children = (
				327629C724A4BDFA001A0CFF /* Alerts */,
				327629C624A4BDFA001A0CFF /* Products */,
				7FC131ADC1625903DA8458ED /* Pods */,
				68B4B48C047A58F74A3C933F /* Frameworks */,
			);
			sourceTree = "<group>";
		};
		327629C624A4BDFA001A0CFF /* Products */ = {
			isa = PBXGroup;
			children = (
				327629C524A4BDFA001A0CFF /* Alerts.app */,
			);
			name = Products;
			sourceTree = "<group>";
		};
		327629C724A4BDFA001A0CFF /* Alerts */ = {
			isa = PBXGroup;
			children = (
				327629C824A4BDFA001A0CFF /* AppDelegate.swift */,
				327629CA24A4BDFA001A0CFF /* SceneDelegate.swift */,
				327629DC24A4C9B8001A0CFF /* AlertViewController.swift */,
				3289233124A4D1B80050BD8A /* AlertView.swift */,
				327629D124A4BDFB001A0CFF /* Assets.xcassets */,
				327629D324A4BDFB001A0CFF /* LaunchScreen.storyboard */,
				327629D624A4BDFB001A0CFF /* Info.plist */,
			);
			path = Alerts;
			sourceTree = "<group>";
		};
		68B4B48C047A58F74A3C933F /* Frameworks */ = {
			isa = PBXGroup;
			children = (
				0243217FCEA8E4AB9AB0317B /* Pods_Alerts.framework */,
			);
			name = Frameworks;
			sourceTree = "<group>";
		};
		7FC131ADC1625903DA8458ED /* Pods */ = {
			isa = PBXGroup;
			children = (
				9FAB0606BCDD3BB99443D572 /* Pods-Alerts.debug.xcconfig */,
				FDEDBA705919F15A23611412 /* Pods-Alerts.release.xcconfig */,
			);
			path = Pods;
			sourceTree = "<group>";
		};
/* End PBXGroup section */

/* Begin PBXNativeTarget section */
		327629C424A4BDFA001A0CFF /* Alerts */ = {
			isa = PBXNativeTarget;
			buildConfigurationList = 327629D924A4BDFB001A0CFF /* Build configuration list for PBXNativeTarget "Alerts" */;
			buildPhases = (
				892CC911A2CBC95AC0E6BEFA /* [CP] Check Pods Manifest.lock */,
				327629C124A4BDFA001A0CFF /* Sources */,
				327629C224A4BDFA001A0CFF /* Frameworks */,
				327629C324A4BDFA001A0CFF /* Resources */,
				9847C209DAE093DF20E39D67 /* [CP] Embed Pods Frameworks */,
			);
			buildRules = (
			);
			dependencies = (
			);
			name = Alerts;
			productName = Alerts;
			productReference = 327629C524A4BDFA001A0CFF /* Alerts.app */;
			productType = "com.apple.product-type.application";
		};
/* End PBXNativeTarget section */

/* Begin PBXProject section */
		327629BD24A4BDFA001A0CFF /* Project object */ = {
			isa = PBXProject;
			attributes = {
				LastSwiftUpdateCheck = 1130;
				LastUpgradeCheck = 1130;
				ORGANIZATIONNAME = Dima;
				TargetAttributes = {
					327629C424A4BDFA001A0CFF = {
						CreatedOnToolsVersion = 11.3;
					};
				};
			};
			buildConfigurationList = 327629C024A4BDFA001A0CFF /* Build configuration list for PBXProject "Alerts" */;
			compatibilityVersion = "Xcode 9.3";
			developmentRegion = en;
			hasScannedForEncodings = 0;
			knownRegions = (
				en,
				Base,
			);
			mainGroup = 327629BC24A4BDFA001A0CFF;
			productRefGroup = 327629C624A4BDFA001A0CFF /* Products */;
			projectDirPath = "";
			projectRoot = "";
			targets = (
				327629C424A4BDFA001A0CFF /* Alerts */,
			);
		};
/* End PBXProject section */

/* Begin PBXResourcesBuildPhase section */
		327629C324A4BDFA001A0CFF /* Resources */ = {
			isa = PBXResourcesBuildPhase;
			buildActionMask = 2147483647;
			files = (
				327629D524A4BDFB001A0CFF /* LaunchScreen.storyboard in Resources */,
				327629D224A4BDFB001A0CFF /* Assets.xcassets in Resources */,
			);
			runOnlyForDeploymentPostprocessing = 0;
		};
/* End PBXResourcesBuildPhase section */

/* Begin PBXShellScriptBuildPhase section */
		892CC911A2CBC95AC0E6BEFA /* [CP] Check Pods Manifest.lock */ = {
			isa = PBXShellScriptBuildPhase;
			buildActionMask = 2147483647;
			files = (
			);
			inputFileListPaths = (
			);
			inputPaths = (
				"${PODS_PODFILE_DIR_PATH}/Podfile.lock",
				"${PODS_ROOT}/Manifest.lock",
			);
			name = "[CP] Check Pods Manifest.lock";
			outputFileListPaths = (
			);
			outputPaths = (
				"$(DERIVED_FILE_DIR)/Pods-Alerts-checkManifestLockResult.txt",
			);
			runOnlyForDeploymentPostprocessing = 0;
			shellPath = /bin/sh;
			shellScript = "diff \"${PODS_PODFILE_DIR_PATH}/Podfile.lock\" \"${PODS_ROOT}/Manifest.lock\" > /dev/null\nif [ $? != 0 ] ; then\n    # print error to STDERR\n    echo \"error: The sandbox is not in sync with the Podfile.lock. Run 'pod install' or update your CocoaPods installation.\" >&2\n    exit 1\nfi\n# This output is used by Xcode 'outputs' to avoid re-running this script phase.\necho \"SUCCESS\" > \"${SCRIPT_OUTPUT_FILE_0}\"\n";
			showEnvVarsInLog = 0;
		};
		9847C209DAE093DF20E39D67 /* [CP] Embed Pods Frameworks */ = {
			isa = PBXShellScriptBuildPhase;
			buildActionMask = 2147483647;
			files = (
			);
			inputFileListPaths = (
				"${PODS_ROOT}/Target Support Files/Pods-Alerts/Pods-Alerts-frameworks-${CONFIGURATION}-input-files.xcfilelist",
			);
			name = "[CP] Embed Pods Frameworks";
			outputFileListPaths = (
				"${PODS_ROOT}/Target Support Files/Pods-Alerts/Pods-Alerts-frameworks-${CONFIGURATION}-output-files.xcfilelist",
			);
			runOnlyForDeploymentPostprocessing = 0;
			shellPath = /bin/sh;
			shellScript = "\"${PODS_ROOT}/Target Support Files/Pods-Alerts/Pods-Alerts-frameworks.sh\"\n";
			showEnvVarsInLog = 0;
		};
/* End PBXShellScriptBuildPhase section */

/* Begin PBXSourcesBuildPhase section */
		327629C124A4BDFA001A0CFF /* Sources */ = {
			isa = PBXSourcesBuildPhase;
			buildActionMask = 2147483647;
			files = (
				327629C924A4BDFA001A0CFF /* AppDelegate.swift in Sources */,
				3289233224A4D1B80050BD8A /* AlertView.swift in Sources */,
				327629CB24A4BDFA001A0CFF /* SceneDelegate.swift in Sources */,
				327629DD24A4C9B8001A0CFF /* AlertViewController.swift in Sources */,
			);
			runOnlyForDeploymentPostprocessing = 0;
		};
/* End PBXSourcesBuildPhase section */

/* Begin PBXVariantGroup section */
		327629D324A4BDFB001A0CFF /* LaunchScreen.storyboard */ = {
			isa = PBXVariantGroup;
			children = (
				327629D424A4BDFB001A0CFF /* Base */,
			);
			name = LaunchScreen.storyboard;
			sourceTree = "<group>";
		};
/* End PBXVariantGroup section */

/* Begin XCBuildConfiguration section */
		327629D724A4BDFB001A0CFF /* Debug */ = {
			isa = XCBuildConfiguration;
			buildSettings = {
				ALWAYS_SEARCH_USER_PATHS = NO;
				CLANG_ANALYZER_NONNULL = YES;
				CLANG_ANALYZER_NUMBER_OBJECT_CONVERSION = YES_AGGRESSIVE;
				CLANG_CXX_LANGUAGE_STANDARD = "gnu++14";
				CLANG_CXX_LIBRARY = "libc++";
				CLANG_ENABLE_MODULES = YES;
				CLANG_ENABLE_OBJC_ARC = YES;
				CLANG_ENABLE_OBJC_WEAK = YES;
				CLANG_WARN_BLOCK_CAPTURE_AUTORELEASING = YES;
				CLANG_WARN_BOOL_CONVERSION = YES;
				CLANG_WARN_COMMA = YES;
				CLANG_WARN_CONSTANT_CONVERSION = YES;
				CLANG_WARN_DEPRECATED_OBJC_IMPLEMENTATIONS = YES;
				CLANG_WARN_DIRECT_OBJC_ISA_USAGE = YES_ERROR;
				CLANG_WARN_DOCUMENTATION_COMMENTS = YES;
				CLANG_WARN_EMPTY_BODY = YES;
				CLANG_WARN_ENUM_CONVERSION = YES;
				CLANG_WARN_INFINITE_RECURSION = YES;
				CLANG_WARN_INT_CONVERSION = YES;
				CLANG_WARN_NON_LITERAL_NULL_CONVERSION = YES;
				CLANG_WARN_OBJC_IMPLICIT_RETAIN_SELF = YES;
				CLANG_WARN_OBJC_LITERAL_CONVERSION = YES;
				CLANG_WARN_OBJC_ROOT_CLASS = YES_ERROR;
				CLANG_WARN_RANGE_LOOP_ANALYSIS = YES;
				CLANG_WARN_STRICT_PROTOTYPES = YES;
				CLANG_WARN_SUSPICIOUS_MOVE = YES;
				CLANG_WARN_UNGUARDED_AVAILABILITY = YES_AGGRESSIVE;
				CLANG_WARN_UNREACHABLE_CODE = YES;
				CLANG_WARN__DUPLICATE_METHOD_MATCH = YES;
				COPY_PHASE_STRIP = NO;
				DEBUG_INFORMATION_FORMAT = dwarf;
				ENABLE_STRICT_OBJC_MSGSEND = YES;
				ENABLE_TESTABILITY = YES;
				GCC_C_LANGUAGE_STANDARD = gnu11;
				GCC_DYNAMIC_NO_PIC = NO;
				GCC_NO_COMMON_BLOCKS = YES;
				GCC_OPTIMIZATION_LEVEL = 0;
				GCC_PREPROCESSOR_DEFINITIONS = (
					"DEBUG=1",
					"$(inherited)",
				);
				GCC_WARN_64_TO_32_BIT_CONVERSION = YES;
				GCC_WARN_ABOUT_RETURN_TYPE = YES_ERROR;
				GCC_WARN_UNDECLARED_SELECTOR = YES;
				GCC_WARN_UNINITIALIZED_AUTOS = YES_AGGRESSIVE;
				GCC_WARN_UNUSED_FUNCTION = YES;
				GCC_WARN_UNUSED_VARIABLE = YES;
				IPHONEOS_DEPLOYMENT_TARGET = 13.2;
				MTL_ENABLE_DEBUG_INFO = INCLUDE_SOURCE;
				MTL_FAST_MATH = YES;
				ONLY_ACTIVE_ARCH = YES;
				SDKROOT = iphoneos;
				SWIFT_ACTIVE_COMPILATION_CONDITIONS = DEBUG;
				SWIFT_OPTIMIZATION_LEVEL = "-Onone";
			};
			name = Debug;
		};
		327629D824A4BDFB001A0CFF /* Release */ = {
			isa = XCBuildConfiguration;
			buildSettings = {
				ALWAYS_SEARCH_USER_PATHS = NO;
				CLANG_ANALYZER_NONNULL = YES;
				CLANG_ANALYZER_NUMBER_OBJECT_CONVERSION = YES_AGGRESSIVE;
				CLANG_CXX_LANGUAGE_STANDARD = "gnu++14";
				CLANG_CXX_LIBRARY = "libc++";
				CLANG_ENABLE_MODULES = YES;
				CLANG_ENABLE_OBJC_ARC = YES;
				CLANG_ENABLE_OBJC_WEAK = YES;
				CLANG_WARN_BLOCK_CAPTURE_AUTORELEASING = YES;
				CLANG_WARN_BOOL_CONVERSION = YES;
				CLANG_WARN_COMMA = YES;
				CLANG_WARN_CONSTANT_CONVERSION = YES;
				CLANG_WARN_DEPRECATED_OBJC_IMPLEMENTATIONS = YES;
				CLANG_WARN_DIRECT_OBJC_ISA_USAGE = YES_ERROR;
				CLANG_WARN_DOCUMENTATION_COMMENTS = YES;
				CLANG_WARN_EMPTY_BODY = YES;
				CLANG_WARN_ENUM_CONVERSION = YES;
				CLANG_WARN_INFINITE_RECURSION = YES;
				CLANG_WARN_INT_CONVERSION = YES;
				CLANG_WARN_NON_LITERAL_NULL_CONVERSION = YES;
				CLANG_WARN_OBJC_IMPLICIT_RETAIN_SELF = YES;
				CLANG_WARN_OBJC_LITERAL_CONVERSION = YES;
				CLANG_WARN_OBJC_ROOT_CLASS = YES_ERROR;
				CLANG_WARN_RANGE_LOOP_ANALYSIS = YES;
				CLANG_WARN_STRICT_PROTOTYPES = YES;
				CLANG_WARN_SUSPICIOUS_MOVE = YES;
				CLANG_WARN_UNGUARDED_AVAILABILITY = YES_AGGRESSIVE;
				CLANG_WARN_UNREACHABLE_CODE = YES;
				CLANG_WARN__DUPLICATE_METHOD_MATCH = YES;
				COPY_PHASE_STRIP = NO;
				DEBUG_INFORMATION_FORMAT = "dwarf-with-dsym";
				ENABLE_NS_ASSERTIONS = NO;
				ENABLE_STRICT_OBJC_MSGSEND = YES;
				GCC_C_LANGUAGE_STANDARD = gnu11;
				GCC_NO_COMMON_BLOCKS = YES;
				GCC_WARN_64_TO_32_BIT_CONVERSION = YES;
				GCC_WARN_ABOUT_RETURN_TYPE = YES_ERROR;
				GCC_WARN_UNDECLARED_SELECTOR = YES;
				GCC_WARN_UNINITIALIZED_AUTOS = YES_AGGRESSIVE;
				GCC_WARN_UNUSED_FUNCTION = YES;
				GCC_WARN_UNUSED_VARIABLE = YES;
				IPHONEOS_DEPLOYMENT_TARGET = 13.2;
				MTL_ENABLE_DEBUG_INFO = NO;
				MTL_FAST_MATH = YES;
				SDKROOT = iphoneos;
				SWIFT_COMPILATION_MODE = wholemodule;
				SWIFT_OPTIMIZATION_LEVEL = "-O";
				VALIDATE_PRODUCT = YES;
			};
			name = Release;
		};
		327629DA24A4BDFB001A0CFF /* Debug */ = {
			isa = XCBuildConfiguration;
			baseConfigurationReference = 9FAB0606BCDD3BB99443D572 /* Pods-Alerts.debug.xcconfig */;
			buildSettings = {
				ASSETCATALOG_COMPILER_APPICON_NAME = AppIcon;
				CODE_SIGN_STYLE = Automatic;
				DEVELOPMENT_TEAM = G5L42RXF4Y;
				INFOPLIST_FILE = Alerts/Info.plist;
				LD_RUNPATH_SEARCH_PATHS = (
					"$(inherited)",
					"@executable_path/Frameworks",
				);
				PRODUCT_BUNDLE_IDENTIFIER = dimbeard.Alerts;
				PRODUCT_NAME = "$(TARGET_NAME)";
				SWIFT_VERSION = 5.0;
				TARGETED_DEVICE_FAMILY = "1,2";
			};
			name = Debug;
		};
		327629DB24A4BDFB001A0CFF /* Release */ = {
			isa = XCBuildConfiguration;
			baseConfigurationReference = FDEDBA705919F15A23611412 /* Pods-Alerts.release.xcconfig */;
			buildSettings = {
				ASSETCATALOG_COMPILER_APPICON_NAME = AppIcon;
				CODE_SIGN_STYLE = Automatic;
				DEVELOPMENT_TEAM = G5L42RXF4Y;
				INFOPLIST_FILE = Alerts/Info.plist;
				LD_RUNPATH_SEARCH_PATHS = (
					"$(inherited)",
					"@executable_path/Frameworks",
				);
				PRODUCT_BUNDLE_IDENTIFIER = dimbeard.Alerts;
				PRODUCT_NAME = "$(TARGET_NAME)";
				SWIFT_VERSION = 5.0;
				TARGETED_DEVICE_FAMILY = "1,2";
			};
			name = Release;
		};
/* End XCBuildConfiguration section */

/* Begin XCConfigurationList section */
		327629C024A4BDFA001A0CFF /* Build configuration list for PBXProject "Alerts" */ = {
			isa = XCConfigurationList;
			buildConfigurations = (
				327629D724A4BDFB001A0CFF /* Debug */,
				327629D824A4BDFB001A0CFF /* Release */,
			);
			defaultConfigurationIsVisible = 0;
			defaultConfigurationName = Release;
		};
		327629D924A4BDFB001A0CFF /* Build configuration list for PBXNativeTarget "Alerts" */ = {
			isa = XCConfigurationList;
			buildConfigurations = (
				327629DA24A4BDFB001A0CFF /* Debug */,
				327629DB24A4BDFB001A0CFF /* Release */,
			);
			defaultConfigurationIsVisible = 0;
			defaultConfigurationName = Release;
		};
/* End XCConfigurationList section */
	};
	rootObject = 327629BD24A4BDFA001A0CFF /* Project object */;
}
