// !$*UTF8*$!
{
	archiveVersion = 1;
	classes = {
	};
	objectVersion = 51;
	objects = {

/* Begin PBXBuildFile section */
		3214803824A5CDD1005DAECA /* CGRect+HitFrame.swift in Sources */ = {isa = PBXBuildFile; fileRef = 3214803724A5CDD1005DAECA /* CGRect+HitFrame.swift */; };
		3214803F24A5CEFA005DAECA /* UIView+ScaleDown.swift in Sources */ = {isa = PBXBuildFile; fileRef = 3214803E24A5CEFA005DAECA /* UIView+ScaleDown.swift */; };
		3225DD7224D966B70091F6F0 /* ProfileUniqueAliasUserInfoCellNode.swift in Sources */ = {isa = PBXBuildFile; fileRef = 3225DD7124D966B70091F6F0 /* ProfileUniqueAliasUserInfoCellNode.swift */; };
		3225DD7424D96AE20091F6F0 /* ProfileUniqueAliasAgreementCellNode.swift in Sources */ = {isa = PBXBuildFile; fileRef = 3225DD7324D96AE20091F6F0 /* ProfileUniqueAliasAgreementCellNode.swift */; };
		3227E67E24B6EA53006E7763 /* ThemeProtocols.swift in Sources */ = {isa = PBXBuildFile; fileRef = 3227E67D24B6EA53006E7763 /* ThemeProtocols.swift */; };
		3227E68024B6EA74006E7763 /* ThemeManager.swift in Sources */ = {isa = PBXBuildFile; fileRef = 3227E67F24B6EA74006E7763 /* ThemeManager.swift */; };
		3227E68224B6EA94006E7763 /* ThemeManager+Appearance.swift in Sources */ = {isa = PBXBuildFile; fileRef = 3227E68124B6EA94006E7763 /* ThemeManager+Appearance.swift */; };
		3227E68524B6EAC5006E7763 /* Attributes.swift in Sources */ = {isa = PBXBuildFile; fileRef = 3227E68424B6EAC5006E7763 /* Attributes.swift */; };
		3227E68724B6EAE4006E7763 /* Attributes+Operators.swift in Sources */ = {isa = PBXBuildFile; fileRef = 3227E68624B6EAE4006E7763 /* Attributes+Operators.swift */; };
		3227E68E24B6EC38006E7763 /* UIButtonHitTestInset.swift in Sources */ = {isa = PBXBuildFile; fileRef = 3227E68D24B6EC38006E7763 /* UIButtonHitTestInset.swift */; };
		3227E69224B6ECC5006E7763 /* BaseIconTextButton.swift in Sources */ = {isa = PBXBuildFile; fileRef = 3227E69124B6ECC5006E7763 /* BaseIconTextButton.swift */; };
		3227E69424B6ED3F006E7763 /* WeakReferences.swift in Sources */ = {isa = PBXBuildFile; fileRef = 3227E69324B6ED3F006E7763 /* WeakReferences.swift */; };
		3227E69724B6EDFC006E7763 /* UIView+Corners.swift in Sources */ = {isa = PBXBuildFile; fileRef = 3227E69624B6EDFC006E7763 /* UIView+Corners.swift */; };
		3228BB9B24C9697F005AFD51 /* String+PriceFormatter.swift in Sources */ = {isa = PBXBuildFile; fileRef = 3228BB9A24C9697F005AFD51 /* String+PriceFormatter.swift */; };
		3228BBA124C991B5005AFD51 /* ProfileUniqueAvatarNode.swift in Sources */ = {isa = PBXBuildFile; fileRef = 3228BBA024C991B5005AFD51 /* ProfileUniqueAvatarNode.swift */; };
		3228BBA524C9944C005AFD51 /* UniqueAvatarCircleNodeModel.swift in Sources */ = {isa = PBXBuildFile; fileRef = 3228BBA424C9944C005AFD51 /* UniqueAvatarCircleNodeModel.swift */; };
		3228BBA724C996F9005AFD51 /* ProfileUniqueAvatarController.swift in Sources */ = {isa = PBXBuildFile; fileRef = 3228BBA624C996F9005AFD51 /* ProfileUniqueAvatarController.swift */; };
		322E774124C04A960027000F /* BlurTest.swift in Sources */ = {isa = PBXBuildFile; fileRef = 322E774024C04A960027000F /* BlurTest.swift */; };
		322E774324C09F4A0027000F /* LastSeenDateFormatter.swift in Sources */ = {isa = PBXBuildFile; fileRef = 322E774224C09F4A0027000F /* LastSeenDateFormatter.swift */; };
		3235521224A73ACB00D97F0D /* UIView+AddGradient.swift in Sources */ = {isa = PBXBuildFile; fileRef = 3235521124A73ACB00D97F0D /* UIView+AddGradient.swift */; };
		3251846424E65D7800200031 /* ThanksLevelHeaderCollectionCellNode.swift in Sources */ = {isa = PBXBuildFile; fileRef = 3251846324E65D7800200031 /* ThanksLevelHeaderCollectionCellNode.swift */; };
		327629C924A4BDFA001A0CFF /* AppDelegate.swift in Sources */ = {isa = PBXBuildFile; fileRef = 327629C824A4BDFA001A0CFF /* AppDelegate.swift */; };
		327629CB24A4BDFA001A0CFF /* SceneDelegate.swift in Sources */ = {isa = PBXBuildFile; fileRef = 327629CA24A4BDFA001A0CFF /* SceneDelegate.swift */; };
		327629D224A4BDFB001A0CFF /* Assets.xcassets in Resources */ = {isa = PBXBuildFile; fileRef = 327629D124A4BDFB001A0CFF /* Assets.xcassets */; };
		327629D524A4BDFB001A0CFF /* LaunchScreen.storyboard in Resources */ = {isa = PBXBuildFile; fileRef = 327629D324A4BDFB001A0CFF /* LaunchScreen.storyboard */; };
		327629DD24A4C9B8001A0CFF /* AlertViewController.swift in Sources */ = {isa = PBXBuildFile; fileRef = 327629DC24A4C9B8001A0CFF /* AlertViewController.swift */; };
		3282833E24C6E3E60082A0D9 /* ProfileCellNode+Touches.swift in Sources */ = {isa = PBXBuildFile; fileRef = 3282833D24C6E3E60082A0D9 /* ProfileCellNode+Touches.swift */; };
		328536CD24D2BE96001F8F7B /* ProfileUniqueAliasViewController.swift in Sources */ = {isa = PBXBuildFile; fileRef = 328536CC24D2BE96001F8F7B /* ProfileUniqueAliasViewController.swift */; };
		328536CF24D2C93F001F8F7B /* UniqueAliasUserModel.swift in Sources */ = {isa = PBXBuildFile; fileRef = 328536CE24D2C93F001F8F7B /* UniqueAliasUserModel.swift */; };
		328536D124D2CB08001F8F7B /* ProfileUniqueAliasUserInfoNode.swift in Sources */ = {isa = PBXBuildFile; fileRef = 328536D024D2CB08001F8F7B /* ProfileUniqueAliasUserInfoNode.swift */; };
		3285598D24BDE63200EFC5F7 /* Header.swift in Sources */ = {isa = PBXBuildFile; fileRef = 3285598C24BDE63200EFC5F7 /* Header.swift */; };
		32863F3724C8426200E05C02 /* ProfilePremiumCellNode+Touches.swift in Sources */ = {isa = PBXBuildFile; fileRef = 32863F3624C8426200E05C02 /* ProfilePremiumCellNode+Touches.swift */; };
		32863F3924C849B700E05C02 /* ProfileUniqueAliasHeaderCellNode.swift in Sources */ = {isa = PBXBuildFile; fileRef = 32863F3824C849B700E05C02 /* ProfileUniqueAliasHeaderCellNode.swift */; };
		328710AC24DA902600DE8158 /* ThanksLevelProfileCollectionNodeController.swift in Sources */ = {isa = PBXBuildFile; fileRef = 328710AB24DA902600DE8158 /* ThanksLevelProfileCollectionNodeController.swift */; };
		3289233224A4D1B80050BD8A /* AlertView.swift in Sources */ = {isa = PBXBuildFile; fileRef = 3289233124A4D1B80050BD8A /* AlertView.swift */; };
		328937A024ED73AD00617153 /* UserThanksLevelModel.swift in Sources */ = {isa = PBXBuildFile; fileRef = 3289379F24ED73AD00617153 /* UserThanksLevelModel.swift */; };
		328C3A2424CEBF5A00A4F38D /* MainEditProfileTableViewController.swift in Sources */ = {isa = PBXBuildFile; fileRef = 328C3A2324CEBF5A00A4F38D /* MainEditProfileTableViewController.swift */; };
		328C3A2624CEC0D300A4F38D /* PreferenceEditProfileCellNode.swift in Sources */ = {isa = PBXBuildFile; fileRef = 328C3A2524CEC0D300A4F38D /* PreferenceEditProfileCellNode.swift */; };
		328C3A2824CEC2BD00A4F38D /* PreferenceEditProfileCellViewModel.swift in Sources */ = {isa = PBXBuildFile; fileRef = 328C3A2724CEC2BD00A4F38D /* PreferenceEditProfileCellViewModel.swift */; };
		328C7B4724C5CC9400BF6B37 /* ProfileUniqueAliasCellNode.swift in Sources */ = {isa = PBXBuildFile; fileRef = 328C7B4624C5CC9400BF6B37 /* ProfileUniqueAliasCellNode.swift */; };
		328C7B4924C5D74C00BF6B37 /* UniqueAliasCellModel.swift in Sources */ = {isa = PBXBuildFile; fileRef = 328C7B4824C5D74C00BF6B37 /* UniqueAliasCellModel.swift */; };
		328C7B4B24C5D8F200BF6B37 /* ProfileUniqueAliasCollectionViewController.swift in Sources */ = {isa = PBXBuildFile; fileRef = 328C7B4A24C5D8F200BF6B37 /* ProfileUniqueAliasCollectionViewController.swift */; };
		328C7B4D24C5F2DC00BF6B37 /* ProfileUniqueAliasPremiumCellNode.swift in Sources */ = {isa = PBXBuildFile; fileRef = 328C7B4C24C5F2DC00BF6B37 /* ProfileUniqueAliasPremiumCellNode.swift */; };
		328F1C8C24BC56FE0054EC02 /* FindsFeedPlaceholderNode.swift in Sources */ = {isa = PBXBuildFile; fileRef = 328F1C8B24BC56FE0054EC02 /* FindsFeedPlaceholderNode.swift */; };
		328F1C9124BCA6A70054EC02 /* FindsFeedCollectionViewController.swift in Sources */ = {isa = PBXBuildFile; fileRef = 328F1C9024BCA6A70054EC02 /* FindsFeedCollectionViewController.swift */; };
		328F1C9524BCAB120054EC02 /* FindsFeedCellNode.swift in Sources */ = {isa = PBXBuildFile; fileRef = 328F1C9424BCAB120054EC02 /* FindsFeedCellNode.swift */; };
		328FB2E724BEE08100C4A13D /* FindsFeedAlertCellNode.swift in Sources */ = {isa = PBXBuildFile; fileRef = 328FB2E624BEE08100C4A13D /* FindsFeedAlertCellNode.swift */; };
		3291847D24CFFC7900C93A4D /* PreferenceEditProfileHeaderCellNode.swift in Sources */ = {isa = PBXBuildFile; fileRef = 3291847C24CFFC7800C93A4D /* PreferenceEditProfileHeaderCellNode.swift */; };
		3291847F24D0230800C93A4D /* PreferenceEditProfileHeaderCellNode+Touches.swift in Sources */ = {isa = PBXBuildFile; fileRef = 3291847E24D0230800C93A4D /* PreferenceEditProfileHeaderCellNode+Touches.swift */; };
		32A05EDD24B453BF00E755A8 /* BorderView.swift in Sources */ = {isa = PBXBuildFile; fileRef = 32A05EDC24B453BF00E755A8 /* BorderView.swift */; };
		32A05EDF24B4545600E755A8 /* BaseIconButtonProtocol.swift in Sources */ = {isa = PBXBuildFile; fileRef = 32A05EDE24B4545600E755A8 /* BaseIconButtonProtocol.swift */; };
		32A05EE124B4549200E755A8 /* BaseIconButton.swift in Sources */ = {isa = PBXBuildFile; fileRef = 32A05EE024B4549200E755A8 /* BaseIconButton.swift */; };
		32A05EE324B4560F00E755A8 /* ImageManager.swift in Sources */ = {isa = PBXBuildFile; fileRef = 32A05EE224B4560F00E755A8 /* ImageManager.swift */; };
		32AF355F24D41D4900DCD8D1 /* ThanksLevelProfileController.swift in Sources */ = {isa = PBXBuildFile; fileRef = 32AF355E24D41D4900DCD8D1 /* ThanksLevelProfileController.swift */; };
		32AFD2DD24AB0E2A002BF920 /* InitialViewController.swift in Sources */ = {isa = PBXBuildFile; fileRef = 32AFD2DC24AB0E2A002BF920 /* InitialViewController.swift */; };
		32AFD2DF24AB52CC002BF920 /* ShortProfileAlertViewController.swift in Sources */ = {isa = PBXBuildFile; fileRef = 32AFD2DE24AB52CC002BF920 /* ShortProfileAlertViewController.swift */; };
		32AFD2E124AB5544002BF920 /* ShortProfileAlertView.swift in Sources */ = {isa = PBXBuildFile; fileRef = 32AFD2E024AB5544002BF920 /* ShortProfileAlertView.swift */; };
		32AFD2E524AB69EB002BF920 /* UserAnswerView.swift in Sources */ = {isa = PBXBuildFile; fileRef = 32AFD2E424AB69EB002BF920 /* UserAnswerView.swift */; };
		32BE6DDF24EEA738009E49A9 /* ProfileUniqueAvatarColorsNode.swift in Sources */ = {isa = PBXBuildFile; fileRef = 32BE6DDE24EEA738009E49A9 /* ProfileUniqueAvatarColorsNode.swift */; };
		32CBAF9C24B31814003395C1 /* BoostViewController.swift in Sources */ = {isa = PBXBuildFile; fileRef = 32CBAF9B24B31814003395C1 /* BoostViewController.swift */; };
		32CBAFA024B32D59003395C1 /* ASDisplayNode+AddGradient.swift in Sources */ = {isa = PBXBuildFile; fileRef = 32CBAF9F24B32D59003395C1 /* ASDisplayNode+AddGradient.swift */; };
		32D3DA1424B6F0EC0013998E /* Images+Defaults.swift in Sources */ = {isa = PBXBuildFile; fileRef = 32D3DA1324B6F0EC0013998E /* Images+Defaults.swift */; };
		32D3DA1624B6F0FE0013998E /* Images.swift in Sources */ = {isa = PBXBuildFile; fileRef = 32D3DA1524B6F0FE0013998E /* Images.swift */; };
		32D3DA1824B6F1670013998E /* FindsFeedBoostNode.swift in Sources */ = {isa = PBXBuildFile; fileRef = 32D3DA1724B6F1670013998E /* FindsFeedBoostNode.swift */; };
		32D3DA1A24B72D6B0013998E /* FindsFeedInactiveBoostNode.swift in Sources */ = {isa = PBXBuildFile; fileRef = 32D3DA1924B72D6B0013998E /* FindsFeedInactiveBoostNode.swift */; };
		58A5F26924A5C80C007561E5 /* BaseTextButton.swift in Sources */ = {isa = PBXBuildFile; fileRef = 58A5F26824A5C80C007561E5 /* BaseTextButton.swift */; };
		58A5F26B24A5C83F007561E5 /* BaseButton.swift in Sources */ = {isa = PBXBuildFile; fileRef = 58A5F26A24A5C83F007561E5 /* BaseButton.swift */; };
		58A5F26D24A5C85F007561E5 /* ViewWithTouchArea.swift in Sources */ = {isa = PBXBuildFile; fileRef = 58A5F26C24A5C85F007561E5 /* ViewWithTouchArea.swift */; };
		58A5F26F24A5C876007561E5 /* BaseButtonActionProtocol.swift in Sources */ = {isa = PBXBuildFile; fileRef = 58A5F26E24A5C876007561E5 /* BaseButtonActionProtocol.swift */; };
		58A5F28924A5C8FA007561E5 /* Styles.swift in Sources */ = {isa = PBXBuildFile; fileRef = 58A5F27324A5C8FA007561E5 /* Styles.swift */; };
		58A5F28C24A5C8FA007561E5 /* Constants.swift in Sources */ = {isa = PBXBuildFile; fileRef = 58A5F27824A5C8FA007561E5 /* Constants.swift */; };
		58A5F28D24A5C8FA007561E5 /* Sizes.swift in Sources */ = {isa = PBXBuildFile; fileRef = 58A5F27A24A5C8FA007561E5 /* Sizes.swift */; };
		58A5F28E24A5C8FA007561E5 /* Colors+Palette.swift in Sources */ = {isa = PBXBuildFile; fileRef = 58A5F27C24A5C8FA007561E5 /* Colors+Palette.swift */; };
		58A5F28F24A5C8FA007561E5 /* Colors+Gradients.swift in Sources */ = {isa = PBXBuildFile; fileRef = 58A5F27D24A5C8FA007561E5 /* Colors+Gradients.swift */; };
		58A5F29024A5C8FA007561E5 /* Colors.swift in Sources */ = {isa = PBXBuildFile; fileRef = 58A5F27E24A5C8FA007561E5 /* Colors.swift */; };
		58A5F29124A5C8FA007561E5 /* ThemeAlternativeStyle.swift in Sources */ = {isa = PBXBuildFile; fileRef = 58A5F28024A5C8FA007561E5 /* ThemeAlternativeStyle.swift */; };
		58A5F29224A5C8FA007561E5 /* Theme+Appearence.swift in Sources */ = {isa = PBXBuildFile; fileRef = 58A5F28124A5C8FA007561E5 /* Theme+Appearence.swift */; };
		58A5F29324A5C8FA007561E5 /* ThemeStyle.swift in Sources */ = {isa = PBXBuildFile; fileRef = 58A5F28224A5C8FA007561E5 /* ThemeStyle.swift */; };
		58A5F29424A5C8FA007561E5 /* Theme+Dark.swift in Sources */ = {isa = PBXBuildFile; fileRef = 58A5F28324A5C8FA007561E5 /* Theme+Dark.swift */; };
		58A5F29524A5C8FA007561E5 /* Theme.swift in Sources */ = {isa = PBXBuildFile; fileRef = 58A5F28424A5C8FA007561E5 /* Theme.swift */; };
		58A5F29624A5C8FA007561E5 /* Theme+Light.swift in Sources */ = {isa = PBXBuildFile; fileRef = 58A5F28524A5C8FA007561E5 /* Theme+Light.swift */; };
		58A5F29724A5C8FA007561E5 /* Fonts.swift in Sources */ = {isa = PBXBuildFile; fileRef = 58A5F28724A5C8FA007561E5 /* Fonts.swift */; };
		58A5F29824A5C8FA007561E5 /* Font.swift in Sources */ = {isa = PBXBuildFile; fileRef = 58A5F28824A5C8FA007561E5 /* Font.swift */; };
		58A5F29C24A5C9A8007561E5 /* BaseButtonStatusProtocol.swift in Sources */ = {isa = PBXBuildFile; fileRef = 58A5F29B24A5C9A8007561E5 /* BaseButtonStatusProtocol.swift */; };
		58A5F29E24A5C9BF007561E5 /* ActivityIndicatorProtocol.swift in Sources */ = {isa = PBXBuildFile; fileRef = 58A5F29D24A5C9BE007561E5 /* ActivityIndicatorProtocol.swift */; };
		7FA6568827293647CE096569 /* Pods_Alerts.framework in Frameworks */ = {isa = PBXBuildFile; fileRef = 0243217FCEA8E4AB9AB0317B /* Pods_Alerts.framework */; };
/* End PBXBuildFile section */

/* Begin PBXContainerItemProxy section */
		328710F424EBBEB2008282A5 /* PBXContainerItemProxy */ = {
			isa = PBXContainerItemProxy;
			containerPortal = 328710EB24EBBEB2008282A5 /* Pods.xcodeproj */;
			proxyType = 2;
			remoteGlobalIDString = 6320170E5A5A268B11CAE15D4EF6A9E3;
			remoteInfo = PINCache;
		};
		328710F624EBBEB2008282A5 /* PBXContainerItemProxy */ = {
			isa = PBXContainerItemProxy;
			containerPortal = 328710EB24EBBEB2008282A5 /* Pods.xcodeproj */;
			proxyType = 2;
			remoteGlobalIDString = 22C347595B1851A1E5B0A3762BB18EC9;
			remoteInfo = PINOperation;
		};
		328710F824EBBEB2008282A5 /* PBXContainerItemProxy */ = {
			isa = PBXContainerItemProxy;
			containerPortal = 328710EB24EBBEB2008282A5 /* Pods.xcodeproj */;
			proxyType = 2;
			remoteGlobalIDString = 115A4FCB2A03922EC10B633F15359653;
			remoteInfo = PINRemoteImage;
		};
		328710FA24EBBEB2008282A5 /* PBXContainerItemProxy */ = {
			isa = PBXContainerItemProxy;
			containerPortal = 328710EB24EBBEB2008282A5 /* Pods.xcodeproj */;
			proxyType = 2;
			remoteGlobalIDString = CE2CA257B022DA649A48E6F3F7BDBBB0;
			remoteInfo = "Pods-Alerts";
		};
		328710FC24EBBEB2008282A5 /* PBXContainerItemProxy */ = {
			isa = PBXContainerItemProxy;
			containerPortal = 328710EB24EBBEB2008282A5 /* Pods.xcodeproj */;
			proxyType = 2;
			remoteGlobalIDString = F46831F4FCE3AB140F12577CE0C2AAB3;
			remoteInfo = Texture;
		};
		328710FE24EBBEB2008282A5 /* PBXContainerItemProxy */ = {
			isa = PBXContainerItemProxy;
			containerPortal = 328710EB24EBBEB2008282A5 /* Pods.xcodeproj */;
			proxyType = 2;
			remoteGlobalIDString = 248EB203AE249596FFC55952F5590D95;
			remoteInfo = TinyConstraints;
		};
/* End PBXContainerItemProxy section */

/* Begin PBXFileReference section */
		0243217FCEA8E4AB9AB0317B /* Pods_Alerts.framework */ = {isa = PBXFileReference; explicitFileType = wrapper.framework; includeInIndex = 0; path = Pods_Alerts.framework; sourceTree = BUILT_PRODUCTS_DIR; };
		3214803724A5CDD1005DAECA /* CGRect+HitFrame.swift */ = {isa = PBXFileReference; lastKnownFileType = sourcecode.swift; path = "CGRect+HitFrame.swift"; sourceTree = "<group>"; };
		3214803E24A5CEFA005DAECA /* UIView+ScaleDown.swift */ = {isa = PBXFileReference; lastKnownFileType = sourcecode.swift; path = "UIView+ScaleDown.swift"; sourceTree = "<group>"; };
		3225DD7124D966B70091F6F0 /* ProfileUniqueAliasUserInfoCellNode.swift */ = {isa = PBXFileReference; lastKnownFileType = sourcecode.swift; path = ProfileUniqueAliasUserInfoCellNode.swift; sourceTree = "<group>"; };
		3225DD7324D96AE20091F6F0 /* ProfileUniqueAliasAgreementCellNode.swift */ = {isa = PBXFileReference; lastKnownFileType = sourcecode.swift; path = ProfileUniqueAliasAgreementCellNode.swift; sourceTree = "<group>"; };
		3227E67D24B6EA53006E7763 /* ThemeProtocols.swift */ = {isa = PBXFileReference; lastKnownFileType = sourcecode.swift; path = ThemeProtocols.swift; sourceTree = "<group>"; };
		3227E67F24B6EA74006E7763 /* ThemeManager.swift */ = {isa = PBXFileReference; lastKnownFileType = sourcecode.swift; path = ThemeManager.swift; sourceTree = "<group>"; };
		3227E68124B6EA94006E7763 /* ThemeManager+Appearance.swift */ = {isa = PBXFileReference; lastKnownFileType = sourcecode.swift; path = "ThemeManager+Appearance.swift"; sourceTree = "<group>"; };
		3227E68424B6EAC5006E7763 /* Attributes.swift */ = {isa = PBXFileReference; lastKnownFileType = sourcecode.swift; path = Attributes.swift; sourceTree = "<group>"; };
		3227E68624B6EAE4006E7763 /* Attributes+Operators.swift */ = {isa = PBXFileReference; lastKnownFileType = sourcecode.swift; path = "Attributes+Operators.swift"; sourceTree = "<group>"; };
		3227E68D24B6EC38006E7763 /* UIButtonHitTestInset.swift */ = {isa = PBXFileReference; lastKnownFileType = sourcecode.swift; path = UIButtonHitTestInset.swift; sourceTree = "<group>"; };
		3227E69124B6ECC5006E7763 /* BaseIconTextButton.swift */ = {isa = PBXFileReference; lastKnownFileType = sourcecode.swift; path = BaseIconTextButton.swift; sourceTree = "<group>"; };
		3227E69324B6ED3F006E7763 /* WeakReferences.swift */ = {isa = PBXFileReference; lastKnownFileType = sourcecode.swift; path = WeakReferences.swift; sourceTree = "<group>"; };
		3227E69624B6EDFC006E7763 /* UIView+Corners.swift */ = {isa = PBXFileReference; lastKnownFileType = sourcecode.swift; path = "UIView+Corners.swift"; sourceTree = "<group>"; };
		3228BB9A24C9697F005AFD51 /* String+PriceFormatter.swift */ = {isa = PBXFileReference; lastKnownFileType = sourcecode.swift; path = "String+PriceFormatter.swift"; sourceTree = "<group>"; };
		3228BBA024C991B5005AFD51 /* ProfileUniqueAvatarNode.swift */ = {isa = PBXFileReference; lastKnownFileType = sourcecode.swift; path = ProfileUniqueAvatarNode.swift; sourceTree = "<group>"; };
		3228BBA424C9944C005AFD51 /* UniqueAvatarCircleNodeModel.swift */ = {isa = PBXFileReference; lastKnownFileType = sourcecode.swift; path = UniqueAvatarCircleNodeModel.swift; sourceTree = "<group>"; };
		3228BBA624C996F9005AFD51 /* ProfileUniqueAvatarController.swift */ = {isa = PBXFileReference; lastKnownFileType = sourcecode.swift; path = ProfileUniqueAvatarController.swift; sourceTree = "<group>"; };
		322E774024C04A960027000F /* BlurTest.swift */ = {isa = PBXFileReference; lastKnownFileType = sourcecode.swift; path = BlurTest.swift; sourceTree = "<group>"; };
		322E774224C09F4A0027000F /* LastSeenDateFormatter.swift */ = {isa = PBXFileReference; lastKnownFileType = sourcecode.swift; path = LastSeenDateFormatter.swift; sourceTree = "<group>"; };
		3235521124A73ACB00D97F0D /* UIView+AddGradient.swift */ = {isa = PBXFileReference; lastKnownFileType = sourcecode.swift; path = "UIView+AddGradient.swift"; sourceTree = "<group>"; };
		3251846324E65D7800200031 /* ThanksLevelHeaderCollectionCellNode.swift */ = {isa = PBXFileReference; lastKnownFileType = sourcecode.swift; path = ThanksLevelHeaderCollectionCellNode.swift; sourceTree = "<group>"; };
		327629C524A4BDFA001A0CFF /* Alerts.app */ = {isa = PBXFileReference; explicitFileType = wrapper.application; includeInIndex = 0; path = Alerts.app; sourceTree = BUILT_PRODUCTS_DIR; };
		327629C824A4BDFA001A0CFF /* AppDelegate.swift */ = {isa = PBXFileReference; lastKnownFileType = sourcecode.swift; path = AppDelegate.swift; sourceTree = "<group>"; };
		327629CA24A4BDFA001A0CFF /* SceneDelegate.swift */ = {isa = PBXFileReference; lastKnownFileType = sourcecode.swift; path = SceneDelegate.swift; sourceTree = "<group>"; };
		327629D124A4BDFB001A0CFF /* Assets.xcassets */ = {isa = PBXFileReference; lastKnownFileType = folder.assetcatalog; path = Assets.xcassets; sourceTree = "<group>"; };
		327629D424A4BDFB001A0CFF /* Base */ = {isa = PBXFileReference; lastKnownFileType = file.storyboard; name = Base; path = Base.lproj/LaunchScreen.storyboard; sourceTree = "<group>"; };
		327629D624A4BDFB001A0CFF /* Info.plist */ = {isa = PBXFileReference; lastKnownFileType = text.plist.xml; path = Info.plist; sourceTree = "<group>"; };
		327629DC24A4C9B8001A0CFF /* AlertViewController.swift */ = {isa = PBXFileReference; lastKnownFileType = sourcecode.swift; path = AlertViewController.swift; sourceTree = "<group>"; };
		3282833D24C6E3E60082A0D9 /* ProfileCellNode+Touches.swift */ = {isa = PBXFileReference; lastKnownFileType = sourcecode.swift; path = "ProfileCellNode+Touches.swift"; sourceTree = "<group>"; };
		328536CC24D2BE96001F8F7B /* ProfileUniqueAliasViewController.swift */ = {isa = PBXFileReference; lastKnownFileType = sourcecode.swift; path = ProfileUniqueAliasViewController.swift; sourceTree = "<group>"; };
		328536CE24D2C93F001F8F7B /* UniqueAliasUserModel.swift */ = {isa = PBXFileReference; lastKnownFileType = sourcecode.swift; path = UniqueAliasUserModel.swift; sourceTree = "<group>"; };
		328536D024D2CB08001F8F7B /* ProfileUniqueAliasUserInfoNode.swift */ = {isa = PBXFileReference; lastKnownFileType = sourcecode.swift; path = ProfileUniqueAliasUserInfoNode.swift; sourceTree = "<group>"; };
		3285598C24BDE63200EFC5F7 /* Header.swift */ = {isa = PBXFileReference; lastKnownFileType = sourcecode.swift; path = Header.swift; sourceTree = "<group>"; };
		32863F3624C8426200E05C02 /* ProfilePremiumCellNode+Touches.swift */ = {isa = PBXFileReference; lastKnownFileType = sourcecode.swift; path = "ProfilePremiumCellNode+Touches.swift"; sourceTree = "<group>"; };
		32863F3824C849B700E05C02 /* ProfileUniqueAliasHeaderCellNode.swift */ = {isa = PBXFileReference; lastKnownFileType = sourcecode.swift; path = ProfileUniqueAliasHeaderCellNode.swift; sourceTree = "<group>"; };
		328710AB24DA902600DE8158 /* ThanksLevelProfileCollectionNodeController.swift */ = {isa = PBXFileReference; lastKnownFileType = sourcecode.swift; path = ThanksLevelProfileCollectionNodeController.swift; sourceTree = "<group>"; };
		328710EB24EBBEB2008282A5 /* Pods.xcodeproj */ = {isa = PBXFileReference; lastKnownFileType = "wrapper.pb-project"; name = Pods.xcodeproj; path = Pods/Pods.xcodeproj; sourceTree = "<group>"; };
		3289233124A4D1B80050BD8A /* AlertView.swift */ = {isa = PBXFileReference; lastKnownFileType = sourcecode.swift; path = AlertView.swift; sourceTree = "<group>"; };
		3289379F24ED73AD00617153 /* UserThanksLevelModel.swift */ = {isa = PBXFileReference; lastKnownFileType = sourcecode.swift; path = UserThanksLevelModel.swift; sourceTree = "<group>"; };
		328C3A2324CEBF5A00A4F38D /* MainEditProfileTableViewController.swift */ = {isa = PBXFileReference; lastKnownFileType = sourcecode.swift; path = MainEditProfileTableViewController.swift; sourceTree = "<group>"; };
		328C3A2524CEC0D300A4F38D /* PreferenceEditProfileCellNode.swift */ = {isa = PBXFileReference; lastKnownFileType = sourcecode.swift; path = PreferenceEditProfileCellNode.swift; sourceTree = "<group>"; };
		328C3A2724CEC2BD00A4F38D /* PreferenceEditProfileCellViewModel.swift */ = {isa = PBXFileReference; lastKnownFileType = sourcecode.swift; path = PreferenceEditProfileCellViewModel.swift; sourceTree = "<group>"; };
		328C7B4624C5CC9400BF6B37 /* ProfileUniqueAliasCellNode.swift */ = {isa = PBXFileReference; lastKnownFileType = sourcecode.swift; path = ProfileUniqueAliasCellNode.swift; sourceTree = "<group>"; };
		328C7B4824C5D74C00BF6B37 /* UniqueAliasCellModel.swift */ = {isa = PBXFileReference; lastKnownFileType = sourcecode.swift; path = UniqueAliasCellModel.swift; sourceTree = "<group>"; };
		328C7B4A24C5D8F200BF6B37 /* ProfileUniqueAliasCollectionViewController.swift */ = {isa = PBXFileReference; lastKnownFileType = sourcecode.swift; path = ProfileUniqueAliasCollectionViewController.swift; sourceTree = "<group>"; };
		328C7B4C24C5F2DC00BF6B37 /* ProfileUniqueAliasPremiumCellNode.swift */ = {isa = PBXFileReference; lastKnownFileType = sourcecode.swift; path = ProfileUniqueAliasPremiumCellNode.swift; sourceTree = "<group>"; };
		328F1C8B24BC56FE0054EC02 /* FindsFeedPlaceholderNode.swift */ = {isa = PBXFileReference; lastKnownFileType = sourcecode.swift; path = FindsFeedPlaceholderNode.swift; sourceTree = "<group>"; };
		328F1C9024BCA6A70054EC02 /* FindsFeedCollectionViewController.swift */ = {isa = PBXFileReference; lastKnownFileType = sourcecode.swift; path = FindsFeedCollectionViewController.swift; sourceTree = "<group>"; };
		328F1C9424BCAB120054EC02 /* FindsFeedCellNode.swift */ = {isa = PBXFileReference; lastKnownFileType = sourcecode.swift; path = FindsFeedCellNode.swift; sourceTree = "<group>"; };
		328FB2E624BEE08100C4A13D /* FindsFeedAlertCellNode.swift */ = {isa = PBXFileReference; lastKnownFileType = sourcecode.swift; path = FindsFeedAlertCellNode.swift; sourceTree = "<group>"; };
		3291847C24CFFC7800C93A4D /* PreferenceEditProfileHeaderCellNode.swift */ = {isa = PBXFileReference; lastKnownFileType = sourcecode.swift; path = PreferenceEditProfileHeaderCellNode.swift; sourceTree = "<group>"; };
		3291847E24D0230800C93A4D /* PreferenceEditProfileHeaderCellNode+Touches.swift */ = {isa = PBXFileReference; lastKnownFileType = sourcecode.swift; path = "PreferenceEditProfileHeaderCellNode+Touches.swift"; sourceTree = "<group>"; };
		32A05EDC24B453BF00E755A8 /* BorderView.swift */ = {isa = PBXFileReference; lastKnownFileType = sourcecode.swift; path = BorderView.swift; sourceTree = "<group>"; };
		32A05EDE24B4545600E755A8 /* BaseIconButtonProtocol.swift */ = {isa = PBXFileReference; lastKnownFileType = sourcecode.swift; path = BaseIconButtonProtocol.swift; sourceTree = "<group>"; };
		32A05EE024B4549200E755A8 /* BaseIconButton.swift */ = {isa = PBXFileReference; lastKnownFileType = sourcecode.swift; path = BaseIconButton.swift; sourceTree = "<group>"; };
		32A05EE224B4560F00E755A8 /* ImageManager.swift */ = {isa = PBXFileReference; lastKnownFileType = sourcecode.swift; path = ImageManager.swift; sourceTree = "<group>"; };
		32AF355E24D41D4900DCD8D1 /* ThanksLevelProfileController.swift */ = {isa = PBXFileReference; lastKnownFileType = sourcecode.swift; path = ThanksLevelProfileController.swift; sourceTree = "<group>"; };
		32AFD2DC24AB0E2A002BF920 /* InitialViewController.swift */ = {isa = PBXFileReference; lastKnownFileType = sourcecode.swift; path = InitialViewController.swift; sourceTree = "<group>"; };
		32AFD2DE24AB52CC002BF920 /* ShortProfileAlertViewController.swift */ = {isa = PBXFileReference; lastKnownFileType = sourcecode.swift; path = ShortProfileAlertViewController.swift; sourceTree = "<group>"; };
		32AFD2E024AB5544002BF920 /* ShortProfileAlertView.swift */ = {isa = PBXFileReference; lastKnownFileType = sourcecode.swift; path = ShortProfileAlertView.swift; sourceTree = "<group>"; };
		32AFD2E424AB69EB002BF920 /* UserAnswerView.swift */ = {isa = PBXFileReference; lastKnownFileType = sourcecode.swift; path = UserAnswerView.swift; sourceTree = "<group>"; };
		32BE6DDE24EEA738009E49A9 /* ProfileUniqueAvatarColorsNode.swift */ = {isa = PBXFileReference; lastKnownFileType = sourcecode.swift; path = ProfileUniqueAvatarColorsNode.swift; sourceTree = "<group>"; };
		32CBAF9B24B31814003395C1 /* BoostViewController.swift */ = {isa = PBXFileReference; lastKnownFileType = sourcecode.swift; path = BoostViewController.swift; sourceTree = "<group>"; };
		32CBAF9F24B32D59003395C1 /* ASDisplayNode+AddGradient.swift */ = {isa = PBXFileReference; lastKnownFileType = sourcecode.swift; path = "ASDisplayNode+AddGradient.swift"; sourceTree = "<group>"; };
		32D3DA1324B6F0EC0013998E /* Images+Defaults.swift */ = {isa = PBXFileReference; lastKnownFileType = sourcecode.swift; path = "Images+Defaults.swift"; sourceTree = "<group>"; };
		32D3DA1524B6F0FE0013998E /* Images.swift */ = {isa = PBXFileReference; lastKnownFileType = sourcecode.swift; path = Images.swift; sourceTree = "<group>"; };
		32D3DA1724B6F1670013998E /* FindsFeedBoostNode.swift */ = {isa = PBXFileReference; lastKnownFileType = sourcecode.swift; name = FindsFeedBoostNode.swift; path = /Users/dima/Documents/work/Alerts/Alerts/BoostAlert/FindsFeedBoostNode.swift; sourceTree = "<absolute>"; };
		32D3DA1924B72D6B0013998E /* FindsFeedInactiveBoostNode.swift */ = {isa = PBXFileReference; lastKnownFileType = sourcecode.swift; path = FindsFeedInactiveBoostNode.swift; sourceTree = "<group>"; };
		58A5F26824A5C80C007561E5 /* BaseTextButton.swift */ = {isa = PBXFileReference; fileEncoding = 4; lastKnownFileType = sourcecode.swift; path = BaseTextButton.swift; sourceTree = "<group>"; };
		58A5F26A24A5C83F007561E5 /* BaseButton.swift */ = {isa = PBXFileReference; fileEncoding = 4; lastKnownFileType = sourcecode.swift; path = BaseButton.swift; sourceTree = "<group>"; };
		58A5F26C24A5C85F007561E5 /* ViewWithTouchArea.swift */ = {isa = PBXFileReference; fileEncoding = 4; lastKnownFileType = sourcecode.swift; path = ViewWithTouchArea.swift; sourceTree = "<group>"; };
		58A5F26E24A5C876007561E5 /* BaseButtonActionProtocol.swift */ = {isa = PBXFileReference; fileEncoding = 4; lastKnownFileType = sourcecode.swift; path = BaseButtonActionProtocol.swift; sourceTree = "<group>"; };
		58A5F27324A5C8FA007561E5 /* Styles.swift */ = {isa = PBXFileReference; fileEncoding = 4; lastKnownFileType = sourcecode.swift; path = Styles.swift; sourceTree = "<group>"; };
		58A5F27824A5C8FA007561E5 /* Constants.swift */ = {isa = PBXFileReference; fileEncoding = 4; lastKnownFileType = sourcecode.swift; path = Constants.swift; sourceTree = "<group>"; };
		58A5F27A24A5C8FA007561E5 /* Sizes.swift */ = {isa = PBXFileReference; fileEncoding = 4; lastKnownFileType = sourcecode.swift; path = Sizes.swift; sourceTree = "<group>"; };
		58A5F27C24A5C8FA007561E5 /* Colors+Palette.swift */ = {isa = PBXFileReference; fileEncoding = 4; lastKnownFileType = sourcecode.swift; path = "Colors+Palette.swift"; sourceTree = "<group>"; };
		58A5F27D24A5C8FA007561E5 /* Colors+Gradients.swift */ = {isa = PBXFileReference; fileEncoding = 4; lastKnownFileType = sourcecode.swift; path = "Colors+Gradients.swift"; sourceTree = "<group>"; };
		58A5F27E24A5C8FA007561E5 /* Colors.swift */ = {isa = PBXFileReference; fileEncoding = 4; lastKnownFileType = sourcecode.swift; path = Colors.swift; sourceTree = "<group>"; };
		58A5F28024A5C8FA007561E5 /* ThemeAlternativeStyle.swift */ = {isa = PBXFileReference; fileEncoding = 4; lastKnownFileType = sourcecode.swift; path = ThemeAlternativeStyle.swift; sourceTree = "<group>"; };
		58A5F28124A5C8FA007561E5 /* Theme+Appearence.swift */ = {isa = PBXFileReference; fileEncoding = 4; lastKnownFileType = sourcecode.swift; path = "Theme+Appearence.swift"; sourceTree = "<group>"; };
		58A5F28224A5C8FA007561E5 /* ThemeStyle.swift */ = {isa = PBXFileReference; fileEncoding = 4; lastKnownFileType = sourcecode.swift; path = ThemeStyle.swift; sourceTree = "<group>"; };
		58A5F28324A5C8FA007561E5 /* Theme+Dark.swift */ = {isa = PBXFileReference; fileEncoding = 4; lastKnownFileType = sourcecode.swift; path = "Theme+Dark.swift"; sourceTree = "<group>"; };
		58A5F28424A5C8FA007561E5 /* Theme.swift */ = {isa = PBXFileReference; fileEncoding = 4; lastKnownFileType = sourcecode.swift; path = Theme.swift; sourceTree = "<group>"; };
		58A5F28524A5C8FA007561E5 /* Theme+Light.swift */ = {isa = PBXFileReference; fileEncoding = 4; lastKnownFileType = sourcecode.swift; path = "Theme+Light.swift"; sourceTree = "<group>"; };
		58A5F28724A5C8FA007561E5 /* Fonts.swift */ = {isa = PBXFileReference; fileEncoding = 4; lastKnownFileType = sourcecode.swift; path = Fonts.swift; sourceTree = "<group>"; };
		58A5F28824A5C8FA007561E5 /* Font.swift */ = {isa = PBXFileReference; fileEncoding = 4; lastKnownFileType = sourcecode.swift; path = Font.swift; sourceTree = "<group>"; };
		58A5F29B24A5C9A8007561E5 /* BaseButtonStatusProtocol.swift */ = {isa = PBXFileReference; fileEncoding = 4; lastKnownFileType = sourcecode.swift; path = BaseButtonStatusProtocol.swift; sourceTree = "<group>"; };
		58A5F29D24A5C9BE007561E5 /* ActivityIndicatorProtocol.swift */ = {isa = PBXFileReference; fileEncoding = 4; lastKnownFileType = sourcecode.swift; path = ActivityIndicatorProtocol.swift; sourceTree = "<group>"; };
		9FAB0606BCDD3BB99443D572 /* Pods-Alerts.debug.xcconfig */ = {isa = PBXFileReference; includeInIndex = 1; lastKnownFileType = text.xcconfig; name = "Pods-Alerts.debug.xcconfig"; path = "Target Support Files/Pods-Alerts/Pods-Alerts.debug.xcconfig"; sourceTree = "<group>"; };
		FDEDBA705919F15A23611412 /* Pods-Alerts.release.xcconfig */ = {isa = PBXFileReference; includeInIndex = 1; lastKnownFileType = text.xcconfig; name = "Pods-Alerts.release.xcconfig"; path = "Target Support Files/Pods-Alerts/Pods-Alerts.release.xcconfig"; sourceTree = "<group>"; };
/* End PBXFileReference section */

/* Begin PBXFrameworksBuildPhase section */
		327629C224A4BDFA001A0CFF /* Frameworks */ = {
			isa = PBXFrameworksBuildPhase;
			buildActionMask = 2147483647;
			files = (
				7FA6568827293647CE096569 /* Pods_Alerts.framework in Frameworks */,
			);
			runOnlyForDeploymentPostprocessing = 0;
		};
/* End PBXFrameworksBuildPhase section */

/* Begin PBXGroup section */
		3214803424A5CC6B005DAECA /* Extensions */ = {
			isa = PBXGroup;
			children = (
				3227E69324B6ED3F006E7763 /* WeakReferences.swift */,
				32CBAF9F24B32D59003395C1 /* ASDisplayNode+AddGradient.swift */,
				3227E69624B6EDFC006E7763 /* UIView+Corners.swift */,
				3235521124A73ACB00D97F0D /* UIView+AddGradient.swift */,
				3214803E24A5CEFA005DAECA /* UIView+ScaleDown.swift */,
				3214803724A5CDD1005DAECA /* CGRect+HitFrame.swift */,
			);
			path = Extensions;
			sourceTree = "<group>";
		};
		3225DD7524D9AF200091F6F0 /* OldVersion */ = {
			isa = PBXGroup;
			children = (
				328C7B4624C5CC9400BF6B37 /* ProfileUniqueAliasCellNode.swift */,
				328536D024D2CB08001F8F7B /* ProfileUniqueAliasUserInfoNode.swift */,
				328536CC24D2BE96001F8F7B /* ProfileUniqueAliasViewController.swift */,
			);
			path = OldVersion;
			sourceTree = "<group>";
		};
		3227E67C24B6EA3A006E7763 /* Theme */ = {
			isa = PBXGroup;
			children = (
				3227E67D24B6EA53006E7763 /* ThemeProtocols.swift */,
				3227E68124B6EA94006E7763 /* ThemeManager+Appearance.swift */,
				3227E67F24B6EA74006E7763 /* ThemeManager.swift */,
			);
			path = Theme;
			sourceTree = "<group>";
		};
		3227E68324B6EAB0006E7763 /* Attributes */ = {
			isa = PBXGroup;
			children = (
				3227E68424B6EAC5006E7763 /* Attributes.swift */,
				3227E68624B6EAE4006E7763 /* Attributes+Operators.swift */,
			);
			path = Attributes;
			sourceTree = "<group>";
		};
		3227E68A24B6EB61006E7763 /* Base */ = {
			isa = PBXGroup;
			children = (
				3227E68B24B6EB76006E7763 /* IconButton */,
				3227E68F24B6EC6D006E7763 /* Protocols */,
				58A5F26A24A5C83F007561E5 /* BaseButton.swift */,
				3227E68D24B6EC38006E7763 /* UIButtonHitTestInset.swift */,
				58A5F26C24A5C85F007561E5 /* ViewWithTouchArea.swift */,
				3227E69024B6ECA4006E7763 /* TextButton */,
			);
			path = Base;
			sourceTree = "<group>";
		};
		3227E68B24B6EB76006E7763 /* IconButton */ = {
			isa = PBXGroup;
			children = (
				32A05EE024B4549200E755A8 /* BaseIconButton.swift */,
				3227E68C24B6EBCB006E7763 /* Protocols */,
			);
			path = IconButton;
			sourceTree = "<group>";
		};
		3227E68C24B6EBCB006E7763 /* Protocols */ = {
			isa = PBXGroup;
			children = (
				32A05EDE24B4545600E755A8 /* BaseIconButtonProtocol.swift */,
			);
			path = Protocols;
			sourceTree = "<group>";
		};
		3227E68F24B6EC6D006E7763 /* Protocols */ = {
			isa = PBXGroup;
			children = (
				58A5F29D24A5C9BE007561E5 /* ActivityIndicatorProtocol.swift */,
				58A5F26E24A5C876007561E5 /* BaseButtonActionProtocol.swift */,
				58A5F29B24A5C9A8007561E5 /* BaseButtonStatusProtocol.swift */,
			);
			path = Protocols;
			sourceTree = "<group>";
		};
		3227E69024B6ECA4006E7763 /* TextButton */ = {
			isa = PBXGroup;
			children = (
				3227E69124B6ECC5006E7763 /* BaseIconTextButton.swift */,
				58A5F26824A5C80C007561E5 /* BaseTextButton.swift */,
			);
			path = TextButton;
			sourceTree = "<group>";
		};
		3228BB9C24C99121005AFD51 /* UniqueAlias */ = {
			isa = PBXGroup;
			children = (
				3225DD7524D9AF200091F6F0 /* OldVersion */,
				328C7B4A24C5D8F200BF6B37 /* ProfileUniqueAliasCollectionViewController.swift */,
				32863F3824C849B700E05C02 /* ProfileUniqueAliasHeaderCellNode.swift */,
				3225DD7124D966B70091F6F0 /* ProfileUniqueAliasUserInfoCellNode.swift */,
				328C7B4C24C5F2DC00BF6B37 /* ProfileUniqueAliasPremiumCellNode.swift */,
				3225DD7324D96AE20091F6F0 /* ProfileUniqueAliasAgreementCellNode.swift */,
				328C7B4824C5D74C00BF6B37 /* UniqueAliasCellModel.swift */,
				328536CE24D2C93F001F8F7B /* UniqueAliasUserModel.swift */,
			);
			path = UniqueAlias;
			sourceTree = "<group>";
		};
		3228BB9F24C9916E005AFD51 /* UniqueAvatar */ = {
			isa = PBXGroup;
			children = (
				3228BBA024C991B5005AFD51 /* ProfileUniqueAvatarNode.swift */,
				3228BBA624C996F9005AFD51 /* ProfileUniqueAvatarController.swift */,
				32BE6DDE24EEA738009E49A9 /* ProfileUniqueAvatarColorsNode.swift */,
				3228BBA424C9944C005AFD51 /* UniqueAvatarCircleNodeModel.swift */,
			);
			path = UniqueAvatar;
			sourceTree = "<group>";
		};
		327629BC24A4BDFA001A0CFF = {
			isa = PBXGroup;
			children = (
				327629C824A4BDFA001A0CFF /* AppDelegate.swift */,
				327629CA24A4BDFA001A0CFF /* SceneDelegate.swift */,
				32AFD2DC24AB0E2A002BF920 /* InitialViewController.swift */,
				328C7B4524C5CC0700BF6B37 /* Profile */,
				327629C724A4BDFA001A0CFF /* Alerts */,
				327629C624A4BDFA001A0CFF /* Products */,
				7FC131ADC1625903DA8458ED /* Pods */,
				328710EB24EBBEB2008282A5 /* Pods.xcodeproj */,
				68B4B48C047A58F74A3C933F /* Frameworks */,
			);
			sourceTree = "<group>";
		};
		327629C624A4BDFA001A0CFF /* Products */ = {
			isa = PBXGroup;
			children = (
				327629C524A4BDFA001A0CFF /* Alerts.app */,
			);
			name = Products;
			sourceTree = "<group>";
		};
		327629C724A4BDFA001A0CFF /* Alerts */ = {
			isa = PBXGroup;
			children = (
				32A05EE624B46F2C00E755A8 /* BaseAlert */,
				32A05EE524B46F0D00E755A8 /* ShortProfileAlert */,
				32A05EE424B46EDA00E755A8 /* BoostAlert */,
				328F1C8D24BC775D0054EC02 /* FeedPlaceholder */,
				328C7B4324C58C9000BF6B37 /* CollectionNode */,
				32A05EE224B4560F00E755A8 /* ImageManager.swift */,
				322E774024C04A960027000F /* BlurTest.swift */,
				3285598C24BDE63200EFC5F7 /* Header.swift */,
				32A05EDC24B453BF00E755A8 /* BorderView.swift */,
				3214803424A5CC6B005DAECA /* Extensions */,
				3227E67C24B6EA3A006E7763 /* Theme */,
				3227E68324B6EAB0006E7763 /* Attributes */,
				3227E68A24B6EB61006E7763 /* Base */,
				58A5F27224A5C8FA007561E5 /* Styles */,
				327629D124A4BDFB001A0CFF /* Assets.xcassets */,
				327629D324A4BDFB001A0CFF /* LaunchScreen.storyboard */,
				327629D624A4BDFB001A0CFF /* Info.plist */,
			);
			path = Alerts;
			sourceTree = "<group>";
		};
		3282833C24C6E3BE0082A0D9 /* Extensions */ = {
			isa = PBXGroup;
			children = (
				3282833D24C6E3E60082A0D9 /* ProfileCellNode+Touches.swift */,
				32863F3624C8426200E05C02 /* ProfilePremiumCellNode+Touches.swift */,
				3291847E24D0230800C93A4D /* PreferenceEditProfileHeaderCellNode+Touches.swift */,
				3228BB9A24C9697F005AFD51 /* String+PriceFormatter.swift */,
			);
			path = Extensions;
			sourceTree = "<group>";
		};
		328710EC24EBBEB2008282A5 /* Products */ = {
			isa = PBXGroup;
			children = (
				328710F524EBBEB2008282A5 /* PINCache.framework */,
				328710F724EBBEB2008282A5 /* PINOperation.framework */,
				328710F924EBBEB2008282A5 /* PINRemoteImage.framework */,
				328710FB24EBBEB2008282A5 /* Pods_Alerts.framework */,
				328710FD24EBBEB2008282A5 /* AsyncDisplayKit.framework */,
				328710FF24EBBEB2008282A5 /* TinyConstraints.framework */,
			);
			name = Products;
			sourceTree = "<group>";
		};
		328C3A2224CEBDD200A4F38D /* MainEditProfileController */ = {
			isa = PBXGroup;
			children = (
				328C3A2324CEBF5A00A4F38D /* MainEditProfileTableViewController.swift */,
				328C3A2724CEC2BD00A4F38D /* PreferenceEditProfileCellViewModel.swift */,
				3291847C24CFFC7800C93A4D /* PreferenceEditProfileHeaderCellNode.swift */,
				328C3A2524CEC0D300A4F38D /* PreferenceEditProfileCellNode.swift */,
			);
			path = MainEditProfileController;
			sourceTree = "<group>";
		};
		328C7B4324C58C9000BF6B37 /* CollectionNode */ = {
			isa = PBXGroup;
			children = (
				328F1C9024BCA6A70054EC02 /* FindsFeedCollectionViewController.swift */,
				328F1C9424BCAB120054EC02 /* FindsFeedCellNode.swift */,
				328FB2E624BEE08100C4A13D /* FindsFeedAlertCellNode.swift */,
			);
			path = CollectionNode;
			sourceTree = "<group>";
		};
		328C7B4524C5CC0700BF6B37 /* Profile */ = {
			isa = PBXGroup;
			children = (
				32AF355D24D41CFE00DCD8D1 /* ThanksLevelProfileController */,
				328C3A2224CEBDD200A4F38D /* MainEditProfileController */,
				3228BB9F24C9916E005AFD51 /* UniqueAvatar */,
				3228BB9C24C99121005AFD51 /* UniqueAlias */,
				3282833C24C6E3BE0082A0D9 /* Extensions */,
			);
			path = Profile;
			sourceTree = "<group>";
		};
		328F1C8D24BC775D0054EC02 /* FeedPlaceholder */ = {
			isa = PBXGroup;
			children = (
				328F1C8B24BC56FE0054EC02 /* FindsFeedPlaceholderNode.swift */,
			);
			path = FeedPlaceholder;
			sourceTree = "<group>";
		};
		32A05EE424B46EDA00E755A8 /* BoostAlert */ = {
			isa = PBXGroup;
			children = (
				32D3DA1724B6F1670013998E /* FindsFeedBoostNode.swift */,
				32D3DA1924B72D6B0013998E /* FindsFeedInactiveBoostNode.swift */,
				32CBAF9B24B31814003395C1 /* BoostViewController.swift */,
			);
			path = BoostAlert;
			sourceTree = "<group>";
		};
		32A05EE524B46F0D00E755A8 /* ShortProfileAlert */ = {
			isa = PBXGroup;
			children = (
				32AFD2E424AB69EB002BF920 /* UserAnswerView.swift */,
				32AFD2E024AB5544002BF920 /* ShortProfileAlertView.swift */,
				322E774224C09F4A0027000F /* LastSeenDateFormatter.swift */,
				32AFD2DE24AB52CC002BF920 /* ShortProfileAlertViewController.swift */,
			);
			path = ShortProfileAlert;
			sourceTree = "<group>";
		};
		32A05EE624B46F2C00E755A8 /* BaseAlert */ = {
			isa = PBXGroup;
			children = (
				3289233124A4D1B80050BD8A /* AlertView.swift */,
				327629DC24A4C9B8001A0CFF /* AlertViewController.swift */,
			);
			path = BaseAlert;
			sourceTree = "<group>";
		};
		32AF355D24D41CFE00DCD8D1 /* ThanksLevelProfileController */ = {
			isa = PBXGroup;
			children = (
				32AF355E24D41D4900DCD8D1 /* ThanksLevelProfileController.swift */,
				3251846324E65D7800200031 /* ThanksLevelHeaderCollectionCellNode.swift */,
				328710AB24DA902600DE8158 /* ThanksLevelProfileCollectionNodeController.swift */,
				3289379F24ED73AD00617153 /* UserThanksLevelModel.swift */,
			);
			path = ThanksLevelProfileController;
			sourceTree = "<group>";
		};
		32D3DA1224B6F0D70013998E /* Images */ = {
			isa = PBXGroup;
			children = (
				32D3DA1324B6F0EC0013998E /* Images+Defaults.swift */,
				32D3DA1524B6F0FE0013998E /* Images.swift */,
			);
			path = Images;
			sourceTree = "<group>";
		};
		58A5F27224A5C8FA007561E5 /* Styles */ = {
			isa = PBXGroup;
			children = (
				58A5F27324A5C8FA007561E5 /* Styles.swift */,
				32D3DA1224B6F0D70013998E /* Images */,
				58A5F27724A5C8FA007561E5 /* Constants */,
				58A5F27924A5C8FA007561E5 /* Sizes */,
				58A5F27B24A5C8FA007561E5 /* Colors */,
				58A5F28624A5C8FA007561E5 /* Fonts */,
			);
			path = Styles;
			sourceTree = "<group>";
		};
		58A5F27724A5C8FA007561E5 /* Constants */ = {
			isa = PBXGroup;
			children = (
				58A5F27824A5C8FA007561E5 /* Constants.swift */,
			);
			path = Constants;
			sourceTree = "<group>";
		};
		58A5F27924A5C8FA007561E5 /* Sizes */ = {
			isa = PBXGroup;
			children = (
				58A5F27A24A5C8FA007561E5 /* Sizes.swift */,
			);
			path = Sizes;
			sourceTree = "<group>";
		};
		58A5F27B24A5C8FA007561E5 /* Colors */ = {
			isa = PBXGroup;
			children = (
				58A5F27C24A5C8FA007561E5 /* Colors+Palette.swift */,
				58A5F27D24A5C8FA007561E5 /* Colors+Gradients.swift */,
				58A5F27E24A5C8FA007561E5 /* Colors.swift */,
				58A5F27F24A5C8FA007561E5 /* Themes */,
			);
			path = Colors;
			sourceTree = "<group>";
		};
		58A5F27F24A5C8FA007561E5 /* Themes */ = {
			isa = PBXGroup;
			children = (
				58A5F28024A5C8FA007561E5 /* ThemeAlternativeStyle.swift */,
				58A5F28124A5C8FA007561E5 /* Theme+Appearence.swift */,
				58A5F28224A5C8FA007561E5 /* ThemeStyle.swift */,
				58A5F28324A5C8FA007561E5 /* Theme+Dark.swift */,
				58A5F28424A5C8FA007561E5 /* Theme.swift */,
				58A5F28524A5C8FA007561E5 /* Theme+Light.swift */,
			);
			path = Themes;
			sourceTree = "<group>";
		};
		58A5F28624A5C8FA007561E5 /* Fonts */ = {
			isa = PBXGroup;
			children = (
				58A5F28724A5C8FA007561E5 /* Fonts.swift */,
				58A5F28824A5C8FA007561E5 /* Font.swift */,
			);
			path = Fonts;
			sourceTree = "<group>";
		};
		68B4B48C047A58F74A3C933F /* Frameworks */ = {
			isa = PBXGroup;
			children = (
				0243217FCEA8E4AB9AB0317B /* Pods_Alerts.framework */,
			);
			name = Frameworks;
			sourceTree = "<group>";
		};
		7FC131ADC1625903DA8458ED /* Pods */ = {
			isa = PBXGroup;
			children = (
				9FAB0606BCDD3BB99443D572 /* Pods-Alerts.debug.xcconfig */,
				FDEDBA705919F15A23611412 /* Pods-Alerts.release.xcconfig */,
			);
			path = Pods;
			sourceTree = "<group>";
		};
/* End PBXGroup section */

/* Begin PBXNativeTarget section */
		327629C424A4BDFA001A0CFF /* Alerts */ = {
			isa = PBXNativeTarget;
			buildConfigurationList = 327629D924A4BDFB001A0CFF /* Build configuration list for PBXNativeTarget "Alerts" */;
			buildPhases = (
				892CC911A2CBC95AC0E6BEFA /* [CP] Check Pods Manifest.lock */,
				327629C124A4BDFA001A0CFF /* Sources */,
				327629C224A4BDFA001A0CFF /* Frameworks */,
				327629C324A4BDFA001A0CFF /* Resources */,
				9847C209DAE093DF20E39D67 /* [CP] Embed Pods Frameworks */,
			);
			buildRules = (
			);
			dependencies = (
			);
			name = Alerts;
			productName = Alerts;
			productReference = 327629C524A4BDFA001A0CFF /* Alerts.app */;
			productType = "com.apple.product-type.application";
		};
/* End PBXNativeTarget section */

/* Begin PBXProject section */
		327629BD24A4BDFA001A0CFF /* Project object */ = {
			isa = PBXProject;
			attributes = {
				LastSwiftUpdateCheck = 1130;
				LastUpgradeCheck = 1130;
				ORGANIZATIONNAME = Dima;
				TargetAttributes = {
					327629C424A4BDFA001A0CFF = {
						CreatedOnToolsVersion = 11.3;
					};
				};
			};
			buildConfigurationList = 327629C024A4BDFA001A0CFF /* Build configuration list for PBXProject "Alerts" */;
			compatibilityVersion = "Xcode 9.3";
			developmentRegion = en;
			hasScannedForEncodings = 0;
			knownRegions = (
				en,
				Base,
			);
			mainGroup = 327629BC24A4BDFA001A0CFF;
			productRefGroup = 327629C624A4BDFA001A0CFF /* Products */;
			projectDirPath = "";
			projectReferences = (
				{
					ProductGroup = 328710EC24EBBEB2008282A5 /* Products */;
					ProjectRef = 328710EB24EBBEB2008282A5 /* Pods.xcodeproj */;
				},
			);
			projectRoot = "";
			targets = (
				327629C424A4BDFA001A0CFF /* Alerts */,
			);
		};
/* End PBXProject section */

/* Begin PBXReferenceProxy section */
		328710F524EBBEB2008282A5 /* PINCache.framework */ = {
			isa = PBXReferenceProxy;
			fileType = wrapper.framework;
			path = PINCache.framework;
			remoteRef = 328710F424EBBEB2008282A5 /* PBXContainerItemProxy */;
			sourceTree = BUILT_PRODUCTS_DIR;
		};
		328710F724EBBEB2008282A5 /* PINOperation.framework */ = {
			isa = PBXReferenceProxy;
			fileType = wrapper.framework;
			path = PINOperation.framework;
			remoteRef = 328710F624EBBEB2008282A5 /* PBXContainerItemProxy */;
			sourceTree = BUILT_PRODUCTS_DIR;
		};
		328710F924EBBEB2008282A5 /* PINRemoteImage.framework */ = {
			isa = PBXReferenceProxy;
			fileType = wrapper.framework;
			path = PINRemoteImage.framework;
			remoteRef = 328710F824EBBEB2008282A5 /* PBXContainerItemProxy */;
			sourceTree = BUILT_PRODUCTS_DIR;
		};
		328710FB24EBBEB2008282A5 /* Pods_Alerts.framework */ = {
			isa = PBXReferenceProxy;
			fileType = wrapper.framework;
			path = Pods_Alerts.framework;
			remoteRef = 328710FA24EBBEB2008282A5 /* PBXContainerItemProxy */;
			sourceTree = BUILT_PRODUCTS_DIR;
		};
		328710FD24EBBEB2008282A5 /* AsyncDisplayKit.framework */ = {
			isa = PBXReferenceProxy;
			fileType = wrapper.framework;
			path = AsyncDisplayKit.framework;
			remoteRef = 328710FC24EBBEB2008282A5 /* PBXContainerItemProxy */;
			sourceTree = BUILT_PRODUCTS_DIR;
		};
		328710FF24EBBEB2008282A5 /* TinyConstraints.framework */ = {
			isa = PBXReferenceProxy;
			fileType = wrapper.framework;
			path = TinyConstraints.framework;
			remoteRef = 328710FE24EBBEB2008282A5 /* PBXContainerItemProxy */;
			sourceTree = BUILT_PRODUCTS_DIR;
		};
/* End PBXReferenceProxy section */

/* Begin PBXResourcesBuildPhase section */
		327629C324A4BDFA001A0CFF /* Resources */ = {
			isa = PBXResourcesBuildPhase;
			buildActionMask = 2147483647;
			files = (
				327629D524A4BDFB001A0CFF /* LaunchScreen.storyboard in Resources */,
				327629D224A4BDFB001A0CFF /* Assets.xcassets in Resources */,
			);
			runOnlyForDeploymentPostprocessing = 0;
		};
/* End PBXResourcesBuildPhase section */

/* Begin PBXShellScriptBuildPhase section */
		892CC911A2CBC95AC0E6BEFA /* [CP] Check Pods Manifest.lock */ = {
			isa = PBXShellScriptBuildPhase;
			buildActionMask = 2147483647;
			files = (
			);
			inputFileListPaths = (
			);
			inputPaths = (
				"${PODS_PODFILE_DIR_PATH}/Podfile.lock",
				"${PODS_ROOT}/Manifest.lock",
			);
			name = "[CP] Check Pods Manifest.lock";
			outputFileListPaths = (
			);
			outputPaths = (
				"$(DERIVED_FILE_DIR)/Pods-Alerts-checkManifestLockResult.txt",
			);
			runOnlyForDeploymentPostprocessing = 0;
			shellPath = /bin/sh;
			shellScript = "diff \"${PODS_PODFILE_DIR_PATH}/Podfile.lock\" \"${PODS_ROOT}/Manifest.lock\" > /dev/null\nif [ $? != 0 ] ; then\n    # print error to STDERR\n    echo \"error: The sandbox is not in sync with the Podfile.lock. Run 'pod install' or update your CocoaPods installation.\" >&2\n    exit 1\nfi\n# This output is used by Xcode 'outputs' to avoid re-running this script phase.\necho \"SUCCESS\" > \"${SCRIPT_OUTPUT_FILE_0}\"\n";
			showEnvVarsInLog = 0;
		};
		9847C209DAE093DF20E39D67 /* [CP] Embed Pods Frameworks */ = {
			isa = PBXShellScriptBuildPhase;
			buildActionMask = 2147483647;
			files = (
			);
			inputFileListPaths = (
				"${PODS_ROOT}/Target Support Files/Pods-Alerts/Pods-Alerts-frameworks-${CONFIGURATION}-input-files.xcfilelist",
			);
			name = "[CP] Embed Pods Frameworks";
			outputFileListPaths = (
				"${PODS_ROOT}/Target Support Files/Pods-Alerts/Pods-Alerts-frameworks-${CONFIGURATION}-output-files.xcfilelist",
			);
			runOnlyForDeploymentPostprocessing = 0;
			shellPath = /bin/sh;
			shellScript = "\"${PODS_ROOT}/Target Support Files/Pods-Alerts/Pods-Alerts-frameworks.sh\"\n";
			showEnvVarsInLog = 0;
		};
/* End PBXShellScriptBuildPhase section */

/* Begin PBXSourcesBuildPhase section */
		327629C124A4BDFA001A0CFF /* Sources */ = {
			isa = PBXSourcesBuildPhase;
			buildActionMask = 2147483647;
			files = (
				3227E68524B6EAC5006E7763 /* Attributes.swift in Sources */,
				3228BBA724C996F9005AFD51 /* ProfileUniqueAvatarController.swift in Sources */,
				328C7B4D24C5F2DC00BF6B37 /* ProfileUniqueAliasPremiumCellNode.swift in Sources */,
				32BE6DDF24EEA738009E49A9 /* ProfileUniqueAvatarColorsNode.swift in Sources */,
				32863F3924C849B700E05C02 /* ProfileUniqueAliasHeaderCellNode.swift in Sources */,
				32A05EDF24B4545600E755A8 /* BaseIconButtonProtocol.swift in Sources */,
				32CBAF9C24B31814003395C1 /* BoostViewController.swift in Sources */,
				328536D124D2CB08001F8F7B /* ProfileUniqueAliasUserInfoNode.swift in Sources */,
				32A05EE324B4560F00E755A8 /* ImageManager.swift in Sources */,
				58A5F28924A5C8FA007561E5 /* Styles.swift in Sources */,
				32D3DA1824B6F1670013998E /* FindsFeedBoostNode.swift in Sources */,
				328C7B4924C5D74C00BF6B37 /* UniqueAliasCellModel.swift in Sources */,
				328C3A2624CEC0D300A4F38D /* PreferenceEditProfileCellNode.swift in Sources */,
				328F1C8C24BC56FE0054EC02 /* FindsFeedPlaceholderNode.swift in Sources */,
				3214803824A5CDD1005DAECA /* CGRect+HitFrame.swift in Sources */,
				58A5F29024A5C8FA007561E5 /* Colors.swift in Sources */,
				58A5F26F24A5C876007561E5 /* BaseButtonActionProtocol.swift in Sources */,
				3285598D24BDE63200EFC5F7 /* Header.swift in Sources */,
				58A5F29224A5C8FA007561E5 /* Theme+Appearence.swift in Sources */,
				32CBAFA024B32D59003395C1 /* ASDisplayNode+AddGradient.swift in Sources */,
				3227E69224B6ECC5006E7763 /* BaseIconTextButton.swift in Sources */,
				328536CF24D2C93F001F8F7B /* UniqueAliasUserModel.swift in Sources */,
				58A5F29424A5C8FA007561E5 /* Theme+Dark.swift in Sources */,
				328536CD24D2BE96001F8F7B /* ProfileUniqueAliasViewController.swift in Sources */,
				3225DD7424D96AE20091F6F0 /* ProfileUniqueAliasAgreementCellNode.swift in Sources */,
				328C7B4B24C5D8F200BF6B37 /* ProfileUniqueAliasCollectionViewController.swift in Sources */,
				322E774324C09F4A0027000F /* LastSeenDateFormatter.swift in Sources */,
				3251846424E65D7800200031 /* ThanksLevelHeaderCollectionCellNode.swift in Sources */,
				58A5F29824A5C8FA007561E5 /* Font.swift in Sources */,
				3214803F24A5CEFA005DAECA /* UIView+ScaleDown.swift in Sources */,
				328C3A2424CEBF5A00A4F38D /* MainEditProfileTableViewController.swift in Sources */,
				58A5F29624A5C8FA007561E5 /* Theme+Light.swift in Sources */,
				328F1C9124BCA6A70054EC02 /* FindsFeedCollectionViewController.swift in Sources */,
				58A5F29124A5C8FA007561E5 /* ThemeAlternativeStyle.swift in Sources */,
				328FB2E724BEE08100C4A13D /* FindsFeedAlertCellNode.swift in Sources */,
				327629C924A4BDFA001A0CFF /* AppDelegate.swift in Sources */,
				32AFD2E524AB69EB002BF920 /* UserAnswerView.swift in Sources */,
				58A5F29C24A5C9A8007561E5 /* BaseButtonStatusProtocol.swift in Sources */,
				32AFD2E124AB5544002BF920 /* ShortProfileAlertView.swift in Sources */,
				32D3DA1424B6F0EC0013998E /* Images+Defaults.swift in Sources */,
				3291847F24D0230800C93A4D /* PreferenceEditProfileHeaderCellNode+Touches.swift in Sources */,
				3227E68724B6EAE4006E7763 /* Attributes+Operators.swift in Sources */,
				3289233224A4D1B80050BD8A /* AlertView.swift in Sources */,
				32863F3724C8426200E05C02 /* ProfilePremiumCellNode+Touches.swift in Sources */,
				58A5F28E24A5C8FA007561E5 /* Colors+Palette.swift in Sources */,
				328C3A2824CEC2BD00A4F38D /* PreferenceEditProfileCellViewModel.swift in Sources */,
				3282833E24C6E3E60082A0D9 /* ProfileCellNode+Touches.swift in Sources */,
				58A5F28D24A5C8FA007561E5 /* Sizes.swift in Sources */,
				322E774124C04A960027000F /* BlurTest.swift in Sources */,
				3235521224A73ACB00D97F0D /* UIView+AddGradient.swift in Sources */,
				58A5F29324A5C8FA007561E5 /* ThemeStyle.swift in Sources */,
				32AFD2DF24AB52CC002BF920 /* ShortProfileAlertViewController.swift in Sources */,
				32A05EDD24B453BF00E755A8 /* BorderView.swift in Sources */,
				58A5F29E24A5C9BF007561E5 /* ActivityIndicatorProtocol.swift in Sources */,
				328F1C9524BCAB120054EC02 /* FindsFeedCellNode.swift in Sources */,
				3227E68024B6EA74006E7763 /* ThemeManager.swift in Sources */,
				32AF355F24D41D4900DCD8D1 /* ThanksLevelProfileController.swift in Sources */,
				3225DD7224D966B70091F6F0 /* ProfileUniqueAliasUserInfoCellNode.swift in Sources */,
				3228BB9B24C9697F005AFD51 /* String+PriceFormatter.swift in Sources */,
				327629CB24A4BDFA001A0CFF /* SceneDelegate.swift in Sources */,
				58A5F28C24A5C8FA007561E5 /* Constants.swift in Sources */,
				32A05EE124B4549200E755A8 /* BaseIconButton.swift in Sources */,
				32D3DA1624B6F0FE0013998E /* Images.swift in Sources */,
				58A5F29724A5C8FA007561E5 /* Fonts.swift in Sources */,
				58A5F29524A5C8FA007561E5 /* Theme.swift in Sources */,
				327629DD24A4C9B8001A0CFF /* AlertViewController.swift in Sources */,
				3228BBA524C9944C005AFD51 /* UniqueAvatarCircleNodeModel.swift in Sources */,
				328C7B4724C5CC9400BF6B37 /* ProfileUniqueAliasCellNode.swift in Sources */,
				58A5F26B24A5C83F007561E5 /* BaseButton.swift in Sources */,
				328710AC24DA902600DE8158 /* ThanksLevelProfileCollectionNodeController.swift in Sources */,
				3227E69724B6EDFC006E7763 /* UIView+Corners.swift in Sources */,
				3227E68E24B6EC38006E7763 /* UIButtonHitTestInset.swift in Sources */,
				3227E69424B6ED3F006E7763 /* WeakReferences.swift in Sources */,
				328937A024ED73AD00617153 /* UserThanksLevelModel.swift in Sources */,
				32D3DA1A24B72D6B0013998E /* FindsFeedInactiveBoostNode.swift in Sources */,
				58A5F26D24A5C85F007561E5 /* ViewWithTouchArea.swift in Sources */,
				3291847D24CFFC7900C93A4D /* PreferenceEditProfileHeaderCellNode.swift in Sources */,
				58A5F26924A5C80C007561E5 /* BaseTextButton.swift in Sources */,
				3228BBA124C991B5005AFD51 /* ProfileUniqueAvatarNode.swift in Sources */,
				58A5F28F24A5C8FA007561E5 /* Colors+Gradients.swift in Sources */,
				32AFD2DD24AB0E2A002BF920 /* InitialViewController.swift in Sources */,
				3227E67E24B6EA53006E7763 /* ThemeProtocols.swift in Sources */,
				3227E68224B6EA94006E7763 /* ThemeManager+Appearance.swift in Sources */,
			);
			runOnlyForDeploymentPostprocessing = 0;
		};
/* End PBXSourcesBuildPhase section */

/* Begin PBXVariantGroup section */
		327629D324A4BDFB001A0CFF /* LaunchScreen.storyboard */ = {
			isa = PBXVariantGroup;
			children = (
				327629D424A4BDFB001A0CFF /* Base */,
			);
			name = LaunchScreen.storyboard;
			sourceTree = "<group>";
		};
/* End PBXVariantGroup section */

/* Begin XCBuildConfiguration section */
		327629D724A4BDFB001A0CFF /* Debug */ = {
			isa = XCBuildConfiguration;
			buildSettings = {
				ALWAYS_SEARCH_USER_PATHS = NO;
				CLANG_ANALYZER_NONNULL = YES;
				CLANG_ANALYZER_NUMBER_OBJECT_CONVERSION = YES_AGGRESSIVE;
				CLANG_CXX_LANGUAGE_STANDARD = "gnu++14";
				CLANG_CXX_LIBRARY = "libc++";
				CLANG_ENABLE_MODULES = YES;
				CLANG_ENABLE_OBJC_ARC = YES;
				CLANG_ENABLE_OBJC_WEAK = YES;
				CLANG_WARN_BLOCK_CAPTURE_AUTORELEASING = YES;
				CLANG_WARN_BOOL_CONVERSION = YES;
				CLANG_WARN_COMMA = YES;
				CLANG_WARN_CONSTANT_CONVERSION = YES;
				CLANG_WARN_DEPRECATED_OBJC_IMPLEMENTATIONS = YES;
				CLANG_WARN_DIRECT_OBJC_ISA_USAGE = YES_ERROR;
				CLANG_WARN_DOCUMENTATION_COMMENTS = YES;
				CLANG_WARN_EMPTY_BODY = YES;
				CLANG_WARN_ENUM_CONVERSION = YES;
				CLANG_WARN_INFINITE_RECURSION = YES;
				CLANG_WARN_INT_CONVERSION = YES;
				CLANG_WARN_NON_LITERAL_NULL_CONVERSION = YES;
				CLANG_WARN_OBJC_IMPLICIT_RETAIN_SELF = YES;
				CLANG_WARN_OBJC_LITERAL_CONVERSION = YES;
				CLANG_WARN_OBJC_ROOT_CLASS = YES_ERROR;
				CLANG_WARN_RANGE_LOOP_ANALYSIS = YES;
				CLANG_WARN_STRICT_PROTOTYPES = YES;
				CLANG_WARN_SUSPICIOUS_MOVE = YES;
				CLANG_WARN_UNGUARDED_AVAILABILITY = YES_AGGRESSIVE;
				CLANG_WARN_UNREACHABLE_CODE = YES;
				CLANG_WARN__DUPLICATE_METHOD_MATCH = YES;
				COPY_PHASE_STRIP = NO;
				DEBUG_INFORMATION_FORMAT = dwarf;
				ENABLE_STRICT_OBJC_MSGSEND = YES;
				ENABLE_TESTABILITY = YES;
				GCC_C_LANGUAGE_STANDARD = gnu11;
				GCC_DYNAMIC_NO_PIC = NO;
				GCC_NO_COMMON_BLOCKS = YES;
				GCC_OPTIMIZATION_LEVEL = 0;
				GCC_PREPROCESSOR_DEFINITIONS = (
					"DEBUG=1",
					"$(inherited)",
				);
				GCC_WARN_64_TO_32_BIT_CONVERSION = YES;
				GCC_WARN_ABOUT_RETURN_TYPE = YES_ERROR;
				GCC_WARN_UNDECLARED_SELECTOR = YES;
				GCC_WARN_UNINITIALIZED_AUTOS = YES_AGGRESSIVE;
				GCC_WARN_UNUSED_FUNCTION = YES;
				GCC_WARN_UNUSED_VARIABLE = YES;
				IPHONEOS_DEPLOYMENT_TARGET = 12.4;
				MTL_ENABLE_DEBUG_INFO = INCLUDE_SOURCE;
				MTL_FAST_MATH = YES;
				ONLY_ACTIVE_ARCH = YES;
				SDKROOT = iphoneos;
				SWIFT_ACTIVE_COMPILATION_CONDITIONS = DEBUG;
				SWIFT_OPTIMIZATION_LEVEL = "-Onone";
			};
			name = Debug;
		};
		327629D824A4BDFB001A0CFF /* Release */ = {
			isa = XCBuildConfiguration;
			buildSettings = {
				ALWAYS_SEARCH_USER_PATHS = NO;
				CLANG_ANALYZER_NONNULL = YES;
				CLANG_ANALYZER_NUMBER_OBJECT_CONVERSION = YES_AGGRESSIVE;
				CLANG_CXX_LANGUAGE_STANDARD = "gnu++14";
				CLANG_CXX_LIBRARY = "libc++";
				CLANG_ENABLE_MODULES = YES;
				CLANG_ENABLE_OBJC_ARC = YES;
				CLANG_ENABLE_OBJC_WEAK = YES;
				CLANG_WARN_BLOCK_CAPTURE_AUTORELEASING = YES;
				CLANG_WARN_BOOL_CONVERSION = YES;
				CLANG_WARN_COMMA = YES;
				CLANG_WARN_CONSTANT_CONVERSION = YES;
				CLANG_WARN_DEPRECATED_OBJC_IMPLEMENTATIONS = YES;
				CLANG_WARN_DIRECT_OBJC_ISA_USAGE = YES_ERROR;
				CLANG_WARN_DOCUMENTATION_COMMENTS = YES;
				CLANG_WARN_EMPTY_BODY = YES;
				CLANG_WARN_ENUM_CONVERSION = YES;
				CLANG_WARN_INFINITE_RECURSION = YES;
				CLANG_WARN_INT_CONVERSION = YES;
				CLANG_WARN_NON_LITERAL_NULL_CONVERSION = YES;
				CLANG_WARN_OBJC_IMPLICIT_RETAIN_SELF = YES;
				CLANG_WARN_OBJC_LITERAL_CONVERSION = YES;
				CLANG_WARN_OBJC_ROOT_CLASS = YES_ERROR;
				CLANG_WARN_RANGE_LOOP_ANALYSIS = YES;
				CLANG_WARN_STRICT_PROTOTYPES = YES;
				CLANG_WARN_SUSPICIOUS_MOVE = YES;
				CLANG_WARN_UNGUARDED_AVAILABILITY = YES_AGGRESSIVE;
				CLANG_WARN_UNREACHABLE_CODE = YES;
				CLANG_WARN__DUPLICATE_METHOD_MATCH = YES;
				COPY_PHASE_STRIP = NO;
				DEBUG_INFORMATION_FORMAT = "dwarf-with-dsym";
				ENABLE_NS_ASSERTIONS = NO;
				ENABLE_STRICT_OBJC_MSGSEND = YES;
				GCC_C_LANGUAGE_STANDARD = gnu11;
				GCC_NO_COMMON_BLOCKS = YES;
				GCC_WARN_64_TO_32_BIT_CONVERSION = YES;
				GCC_WARN_ABOUT_RETURN_TYPE = YES_ERROR;
				GCC_WARN_UNDECLARED_SELECTOR = YES;
				GCC_WARN_UNINITIALIZED_AUTOS = YES_AGGRESSIVE;
				GCC_WARN_UNUSED_FUNCTION = YES;
				GCC_WARN_UNUSED_VARIABLE = YES;
				IPHONEOS_DEPLOYMENT_TARGET = 12.4;
				MTL_ENABLE_DEBUG_INFO = NO;
				MTL_FAST_MATH = YES;
				SDKROOT = iphoneos;
				SWIFT_COMPILATION_MODE = wholemodule;
				SWIFT_OPTIMIZATION_LEVEL = "-O";
				VALIDATE_PRODUCT = YES;
			};
			name = Release;
		};
		327629DA24A4BDFB001A0CFF /* Debug */ = {
			isa = XCBuildConfiguration;
			baseConfigurationReference = 9FAB0606BCDD3BB99443D572 /* Pods-Alerts.debug.xcconfig */;
			buildSettings = {
				ASSETCATALOG_COMPILER_APPICON_NAME = AppIcon;
				CODE_SIGN_STYLE = Automatic;
				DEVELOPMENT_TEAM = G5L42RXF4Y;
				INFOPLIST_FILE = Alerts/Info.plist;
				IPHONEOS_DEPLOYMENT_TARGET = 13.2;
				LD_RUNPATH_SEARCH_PATHS = (
					"$(inherited)",
					"@executable_path/Frameworks",
				);
				PRODUCT_BUNDLE_IDENTIFIER = dimbeard.Alerts;
				PRODUCT_NAME = "$(TARGET_NAME)";
				SWIFT_VERSION = 5.0;
				TARGETED_DEVICE_FAMILY = 1;
			};
			name = Debug;
		};
		327629DB24A4BDFB001A0CFF /* Release */ = {
			isa = XCBuildConfiguration;
			baseConfigurationReference = FDEDBA705919F15A23611412 /* Pods-Alerts.release.xcconfig */;
			buildSettings = {
				ASSETCATALOG_COMPILER_APPICON_NAME = AppIcon;
				CODE_SIGN_STYLE = Automatic;
				DEVELOPMENT_TEAM = G5L42RXF4Y;
				INFOPLIST_FILE = Alerts/Info.plist;
				IPHONEOS_DEPLOYMENT_TARGET = 13.2;
				LD_RUNPATH_SEARCH_PATHS = (
					"$(inherited)",
					"@executable_path/Frameworks",
				);
				PRODUCT_BUNDLE_IDENTIFIER = dimbeard.Alerts;
				PRODUCT_NAME = "$(TARGET_NAME)";
				SWIFT_VERSION = 5.0;
				TARGETED_DEVICE_FAMILY = 1;
			};
			name = Release;
		};
/* End XCBuildConfiguration section */

/* Begin XCConfigurationList section */
		327629C024A4BDFA001A0CFF /* Build configuration list for PBXProject "Alerts" */ = {
			isa = XCConfigurationList;
			buildConfigurations = (
				327629D724A4BDFB001A0CFF /* Debug */,
				327629D824A4BDFB001A0CFF /* Release */,
			);
			defaultConfigurationIsVisible = 0;
			defaultConfigurationName = Release;
		};
		327629D924A4BDFB001A0CFF /* Build configuration list for PBXNativeTarget "Alerts" */ = {
			isa = XCConfigurationList;
			buildConfigurations = (
				327629DA24A4BDFB001A0CFF /* Debug */,
				327629DB24A4BDFB001A0CFF /* Release */,
			);
			defaultConfigurationIsVisible = 0;
			defaultConfigurationName = Release;
		};
/* End XCConfigurationList section */
	};
	rootObject = 327629BD24A4BDFA001A0CFF /* Project object */;
}
